// !$*UTF8*$!
{
	archiveVersion = 1;
	classes = {
	};
	objectVersion = 46;
	objects = {

/* Begin PBXBuildFile section */
		0091D8F90E81B9330029341E /* OpenGL.framework in Frameworks */ = {isa = PBXBuildFile; fileRef = 0091D8F80E81B9330029341E /* OpenGL.framework */; };
		0097E3E50F3E9819005A4392 /* QuickTime.framework in Frameworks */ = {isa = PBXBuildFile; fileRef = 0097E3E40F3E9819005A4392 /* QuickTime.framework */; };
		00B784B30FF439BC000DE1D7 /* Accelerate.framework in Frameworks */ = {isa = PBXBuildFile; fileRef = 00B784AF0FF439BC000DE1D7 /* Accelerate.framework */; };
		00B784B40FF439BC000DE1D7 /* AudioToolbox.framework in Frameworks */ = {isa = PBXBuildFile; fileRef = 00B784B00FF439BC000DE1D7 /* AudioToolbox.framework */; };
		00B784B50FF439BC000DE1D7 /* AudioUnit.framework in Frameworks */ = {isa = PBXBuildFile; fileRef = 00B784B10FF439BC000DE1D7 /* AudioUnit.framework */; };
		00B784B60FF439BC000DE1D7 /* CoreAudio.framework in Frameworks */ = {isa = PBXBuildFile; fileRef = 00B784B20FF439BC000DE1D7 /* CoreAudio.framework */; };
		00BAE65A0E7ED9C10018A608 /* ImageRainApp.cpp in Sources */ = {isa = PBXBuildFile; fileRef = 00BAE6590E7ED9C10018A608 /* ImageRainApp.cpp */; };
		00CCAF15116A9FEE008396D5 /* CinderApp.icns in Resources */ = {isa = PBXBuildFile; fileRef = 00CCAF14116A9FEE008396D5 /* CinderApp.icns */; };
		324534E715C1A9D800A4DAF7 /* img1.jpg in Resources */ = {isa = PBXBuildFile; fileRef = 3245341D15C1A9D800A4DAF7 /* img1.jpg */; };
		324534E815C1A9D800A4DAF7 /* img10.jpg in Resources */ = {isa = PBXBuildFile; fileRef = 3245341E15C1A9D800A4DAF7 /* img10.jpg */; };
		324534E915C1A9D800A4DAF7 /* img100.jpg in Resources */ = {isa = PBXBuildFile; fileRef = 3245341F15C1A9D800A4DAF7 /* img100.jpg */; };
		324534EA15C1A9D800A4DAF7 /* img11.jpg in Resources */ = {isa = PBXBuildFile; fileRef = 3245342015C1A9D800A4DAF7 /* img11.jpg */; };
		324534EB15C1A9D800A4DAF7 /* img12.jpg in Resources */ = {isa = PBXBuildFile; fileRef = 3245342115C1A9D800A4DAF7 /* img12.jpg */; };
		324534EC15C1A9D800A4DAF7 /* img13.jpg in Resources */ = {isa = PBXBuildFile; fileRef = 3245342215C1A9D800A4DAF7 /* img13.jpg */; };
		324534ED15C1A9D800A4DAF7 /* img14.jpg in Resources */ = {isa = PBXBuildFile; fileRef = 3245342315C1A9D800A4DAF7 /* img14.jpg */; };
		324534EE15C1A9D800A4DAF7 /* img15.jpg in Resources */ = {isa = PBXBuildFile; fileRef = 3245342415C1A9D800A4DAF7 /* img15.jpg */; };
		324534EF15C1A9D800A4DAF7 /* img16.jpg in Resources */ = {isa = PBXBuildFile; fileRef = 3245342515C1A9D800A4DAF7 /* img16.jpg */; };
		324534F015C1A9D800A4DAF7 /* img17.jpg in Resources */ = {isa = PBXBuildFile; fileRef = 3245342615C1A9D800A4DAF7 /* img17.jpg */; };
		324534F115C1A9D800A4DAF7 /* img18.jpg in Resources */ = {isa = PBXBuildFile; fileRef = 3245342715C1A9D800A4DAF7 /* img18.jpg */; };
		324534F215C1A9D800A4DAF7 /* img19.jpg in Resources */ = {isa = PBXBuildFile; fileRef = 3245342815C1A9D800A4DAF7 /* img19.jpg */; };
		324534F315C1A9D800A4DAF7 /* img2.jpg in Resources */ = {isa = PBXBuildFile; fileRef = 3245342915C1A9D800A4DAF7 /* img2.jpg */; };
		324534F415C1A9D800A4DAF7 /* img20.jpg in Resources */ = {isa = PBXBuildFile; fileRef = 3245342A15C1A9D800A4DAF7 /* img20.jpg */; };
		324534F515C1A9D800A4DAF7 /* img21.jpg in Resources */ = {isa = PBXBuildFile; fileRef = 3245342B15C1A9D800A4DAF7 /* img21.jpg */; };
		324534F615C1A9D800A4DAF7 /* img22.jpg in Resources */ = {isa = PBXBuildFile; fileRef = 3245342C15C1A9D800A4DAF7 /* img22.jpg */; };
		324534F715C1A9D800A4DAF7 /* img23.jpg in Resources */ = {isa = PBXBuildFile; fileRef = 3245342D15C1A9D800A4DAF7 /* img23.jpg */; };
		324534F815C1A9D800A4DAF7 /* img24.jpg in Resources */ = {isa = PBXBuildFile; fileRef = 3245342E15C1A9D800A4DAF7 /* img24.jpg */; };
		324534F915C1A9D800A4DAF7 /* img25.jpg in Resources */ = {isa = PBXBuildFile; fileRef = 3245342F15C1A9D800A4DAF7 /* img25.jpg */; };
		324534FA15C1A9D800A4DAF7 /* img26.jpg in Resources */ = {isa = PBXBuildFile; fileRef = 3245343015C1A9D800A4DAF7 /* img26.jpg */; };
		324534FB15C1A9D800A4DAF7 /* img27.jpg in Resources */ = {isa = PBXBuildFile; fileRef = 3245343115C1A9D800A4DAF7 /* img27.jpg */; };
		324534FC15C1A9D800A4DAF7 /* img28.jpg in Resources */ = {isa = PBXBuildFile; fileRef = 3245343215C1A9D800A4DAF7 /* img28.jpg */; };
		324534FD15C1A9D800A4DAF7 /* img29.jpg in Resources */ = {isa = PBXBuildFile; fileRef = 3245343315C1A9D800A4DAF7 /* img29.jpg */; };
		324534FE15C1A9D800A4DAF7 /* img3.jpg in Resources */ = {isa = PBXBuildFile; fileRef = 3245343415C1A9D800A4DAF7 /* img3.jpg */; };
		324534FF15C1A9D800A4DAF7 /* img30.jpg in Resources */ = {isa = PBXBuildFile; fileRef = 3245343515C1A9D800A4DAF7 /* img30.jpg */; };
		3245350015C1A9D800A4DAF7 /* img31.jpg in Resources */ = {isa = PBXBuildFile; fileRef = 3245343615C1A9D800A4DAF7 /* img31.jpg */; };
		3245350115C1A9D800A4DAF7 /* img32.jpg in Resources */ = {isa = PBXBuildFile; fileRef = 3245343715C1A9D800A4DAF7 /* img32.jpg */; };
		3245350215C1A9D800A4DAF7 /* img33.jpg in Resources */ = {isa = PBXBuildFile; fileRef = 3245343815C1A9D800A4DAF7 /* img33.jpg */; };
		3245350315C1A9D800A4DAF7 /* img34.jpg in Resources */ = {isa = PBXBuildFile; fileRef = 3245343915C1A9D800A4DAF7 /* img34.jpg */; };
		3245350415C1A9D800A4DAF7 /* img35.jpg in Resources */ = {isa = PBXBuildFile; fileRef = 3245343A15C1A9D800A4DAF7 /* img35.jpg */; };
		3245350515C1A9D800A4DAF7 /* img36.jpg in Resources */ = {isa = PBXBuildFile; fileRef = 3245343B15C1A9D800A4DAF7 /* img36.jpg */; };
		3245350615C1A9D800A4DAF7 /* img37.jpg in Resources */ = {isa = PBXBuildFile; fileRef = 3245343C15C1A9D800A4DAF7 /* img37.jpg */; };
		3245350715C1A9D800A4DAF7 /* img38.jpg in Resources */ = {isa = PBXBuildFile; fileRef = 3245343D15C1A9D800A4DAF7 /* img38.jpg */; };
		3245350815C1A9D800A4DAF7 /* img39.jpg in Resources */ = {isa = PBXBuildFile; fileRef = 3245343E15C1A9D800A4DAF7 /* img39.jpg */; };
		3245350915C1A9D800A4DAF7 /* img4.jpg in Resources */ = {isa = PBXBuildFile; fileRef = 3245343F15C1A9D800A4DAF7 /* img4.jpg */; };
		3245350A15C1A9D800A4DAF7 /* img40.jpg in Resources */ = {isa = PBXBuildFile; fileRef = 3245344015C1A9D800A4DAF7 /* img40.jpg */; };
		3245350B15C1A9D800A4DAF7 /* img41.jpg in Resources */ = {isa = PBXBuildFile; fileRef = 3245344115C1A9D800A4DAF7 /* img41.jpg */; };
		3245350C15C1A9D800A4DAF7 /* img42.jpg in Resources */ = {isa = PBXBuildFile; fileRef = 3245344215C1A9D800A4DAF7 /* img42.jpg */; };
		3245350D15C1A9D800A4DAF7 /* img43.jpg in Resources */ = {isa = PBXBuildFile; fileRef = 3245344315C1A9D800A4DAF7 /* img43.jpg */; };
		3245350E15C1A9D800A4DAF7 /* img44.jpg in Resources */ = {isa = PBXBuildFile; fileRef = 3245344415C1A9D800A4DAF7 /* img44.jpg */; };
		3245350F15C1A9D800A4DAF7 /* img45.jpg in Resources */ = {isa = PBXBuildFile; fileRef = 3245344515C1A9D800A4DAF7 /* img45.jpg */; };
		3245351015C1A9D800A4DAF7 /* img46.jpg in Resources */ = {isa = PBXBuildFile; fileRef = 3245344615C1A9D800A4DAF7 /* img46.jpg */; };
		3245351115C1A9D800A4DAF7 /* img47.jpg in Resources */ = {isa = PBXBuildFile; fileRef = 3245344715C1A9D800A4DAF7 /* img47.jpg */; };
		3245351215C1A9D800A4DAF7 /* img48.jpg in Resources */ = {isa = PBXBuildFile; fileRef = 3245344815C1A9D800A4DAF7 /* img48.jpg */; };
		3245351315C1A9D800A4DAF7 /* img49.jpg in Resources */ = {isa = PBXBuildFile; fileRef = 3245344915C1A9D800A4DAF7 /* img49.jpg */; };
		3245351415C1A9D800A4DAF7 /* img5.jpg in Resources */ = {isa = PBXBuildFile; fileRef = 3245344A15C1A9D800A4DAF7 /* img5.jpg */; };
		3245351515C1A9D800A4DAF7 /* img50.jpg in Resources */ = {isa = PBXBuildFile; fileRef = 3245344B15C1A9D800A4DAF7 /* img50.jpg */; };
		3245351615C1A9D800A4DAF7 /* img51.jpg in Resources */ = {isa = PBXBuildFile; fileRef = 3245344C15C1A9D800A4DAF7 /* img51.jpg */; };
		3245351715C1A9D800A4DAF7 /* img52.jpg in Resources */ = {isa = PBXBuildFile; fileRef = 3245344D15C1A9D800A4DAF7 /* img52.jpg */; };
		3245351815C1A9D800A4DAF7 /* img53.jpg in Resources */ = {isa = PBXBuildFile; fileRef = 3245344E15C1A9D800A4DAF7 /* img53.jpg */; };
		3245351915C1A9D800A4DAF7 /* img54.jpg in Resources */ = {isa = PBXBuildFile; fileRef = 3245344F15C1A9D800A4DAF7 /* img54.jpg */; };
		3245351A15C1A9D800A4DAF7 /* img55.jpg in Resources */ = {isa = PBXBuildFile; fileRef = 3245345015C1A9D800A4DAF7 /* img55.jpg */; };
		3245351B15C1A9D800A4DAF7 /* img56.jpg in Resources */ = {isa = PBXBuildFile; fileRef = 3245345115C1A9D800A4DAF7 /* img56.jpg */; };
		3245351C15C1A9D800A4DAF7 /* img57.jpg in Resources */ = {isa = PBXBuildFile; fileRef = 3245345215C1A9D800A4DAF7 /* img57.jpg */; };
		3245351D15C1A9D800A4DAF7 /* img58.jpg in Resources */ = {isa = PBXBuildFile; fileRef = 3245345315C1A9D800A4DAF7 /* img58.jpg */; };
		3245351E15C1A9D800A4DAF7 /* img59.jpg in Resources */ = {isa = PBXBuildFile; fileRef = 3245345415C1A9D800A4DAF7 /* img59.jpg */; };
		3245351F15C1A9D800A4DAF7 /* img6.jpg in Resources */ = {isa = PBXBuildFile; fileRef = 3245345515C1A9D800A4DAF7 /* img6.jpg */; };
		3245352015C1A9D800A4DAF7 /* img60.jpg in Resources */ = {isa = PBXBuildFile; fileRef = 3245345615C1A9D800A4DAF7 /* img60.jpg */; };
		3245352115C1A9D800A4DAF7 /* img61.jpg in Resources */ = {isa = PBXBuildFile; fileRef = 3245345715C1A9D800A4DAF7 /* img61.jpg */; };
		3245352215C1A9D800A4DAF7 /* img62.jpg in Resources */ = {isa = PBXBuildFile; fileRef = 3245345815C1A9D800A4DAF7 /* img62.jpg */; };
		3245352315C1A9D800A4DAF7 /* img63.jpg in Resources */ = {isa = PBXBuildFile; fileRef = 3245345915C1A9D800A4DAF7 /* img63.jpg */; };
		3245352415C1A9D800A4DAF7 /* img64.jpg in Resources */ = {isa = PBXBuildFile; fileRef = 3245345A15C1A9D800A4DAF7 /* img64.jpg */; };
		3245352515C1A9D800A4DAF7 /* img65.jpg in Resources */ = {isa = PBXBuildFile; fileRef = 3245345B15C1A9D800A4DAF7 /* img65.jpg */; };
		3245352615C1A9D800A4DAF7 /* img66.jpg in Resources */ = {isa = PBXBuildFile; fileRef = 3245345C15C1A9D800A4DAF7 /* img66.jpg */; };
		3245352715C1A9D800A4DAF7 /* img67.jpg in Resources */ = {isa = PBXBuildFile; fileRef = 3245345D15C1A9D800A4DAF7 /* img67.jpg */; };
		3245352815C1A9D800A4DAF7 /* img68.jpg in Resources */ = {isa = PBXBuildFile; fileRef = 3245345E15C1A9D800A4DAF7 /* img68.jpg */; };
		3245352915C1A9D800A4DAF7 /* img69.jpg in Resources */ = {isa = PBXBuildFile; fileRef = 3245345F15C1A9D800A4DAF7 /* img69.jpg */; };
		3245352A15C1A9D800A4DAF7 /* img7.jpg in Resources */ = {isa = PBXBuildFile; fileRef = 3245346015C1A9D800A4DAF7 /* img7.jpg */; };
		3245352B15C1A9D800A4DAF7 /* img70.jpg in Resources */ = {isa = PBXBuildFile; fileRef = 3245346115C1A9D800A4DAF7 /* img70.jpg */; };
		3245352C15C1A9D800A4DAF7 /* img71.jpg in Resources */ = {isa = PBXBuildFile; fileRef = 3245346215C1A9D800A4DAF7 /* img71.jpg */; };
		3245352D15C1A9D800A4DAF7 /* img72.jpg in Resources */ = {isa = PBXBuildFile; fileRef = 3245346315C1A9D800A4DAF7 /* img72.jpg */; };
		3245352E15C1A9D800A4DAF7 /* img73.jpg in Resources */ = {isa = PBXBuildFile; fileRef = 3245346415C1A9D800A4DAF7 /* img73.jpg */; };
		3245352F15C1A9D800A4DAF7 /* img74.jpg in Resources */ = {isa = PBXBuildFile; fileRef = 3245346515C1A9D800A4DAF7 /* img74.jpg */; };
		3245353015C1A9D800A4DAF7 /* img75.jpg in Resources */ = {isa = PBXBuildFile; fileRef = 3245346615C1A9D800A4DAF7 /* img75.jpg */; };
		3245353115C1A9D800A4DAF7 /* img76.jpg in Resources */ = {isa = PBXBuildFile; fileRef = 3245346715C1A9D800A4DAF7 /* img76.jpg */; };
		3245353215C1A9D800A4DAF7 /* img77.jpg in Resources */ = {isa = PBXBuildFile; fileRef = 3245346815C1A9D800A4DAF7 /* img77.jpg */; };
		3245353315C1A9D800A4DAF7 /* img78.jpg in Resources */ = {isa = PBXBuildFile; fileRef = 3245346915C1A9D800A4DAF7 /* img78.jpg */; };
		3245353415C1A9D800A4DAF7 /* img79.jpg in Resources */ = {isa = PBXBuildFile; fileRef = 3245346A15C1A9D800A4DAF7 /* img79.jpg */; };
		3245353515C1A9D800A4DAF7 /* img8.jpg in Resources */ = {isa = PBXBuildFile; fileRef = 3245346B15C1A9D800A4DAF7 /* img8.jpg */; };
		3245353615C1A9D800A4DAF7 /* img80.jpg in Resources */ = {isa = PBXBuildFile; fileRef = 3245346C15C1A9D800A4DAF7 /* img80.jpg */; };
		3245353715C1A9D800A4DAF7 /* img81.jpg in Resources */ = {isa = PBXBuildFile; fileRef = 3245346D15C1A9D800A4DAF7 /* img81.jpg */; };
		3245353815C1A9D800A4DAF7 /* img82.jpg in Resources */ = {isa = PBXBuildFile; fileRef = 3245346E15C1A9D800A4DAF7 /* img82.jpg */; };
		3245353915C1A9D800A4DAF7 /* img83.jpg in Resources */ = {isa = PBXBuildFile; fileRef = 3245346F15C1A9D800A4DAF7 /* img83.jpg */; };
		3245353A15C1A9D800A4DAF7 /* img84.jpg in Resources */ = {isa = PBXBuildFile; fileRef = 3245347015C1A9D800A4DAF7 /* img84.jpg */; };
		3245353B15C1A9D800A4DAF7 /* img85.jpg in Resources */ = {isa = PBXBuildFile; fileRef = 3245347115C1A9D800A4DAF7 /* img85.jpg */; };
		3245353C15C1A9D800A4DAF7 /* img86.jpg in Resources */ = {isa = PBXBuildFile; fileRef = 3245347215C1A9D800A4DAF7 /* img86.jpg */; };
		3245353D15C1A9D800A4DAF7 /* img87.jpg in Resources */ = {isa = PBXBuildFile; fileRef = 3245347315C1A9D800A4DAF7 /* img87.jpg */; };
		3245353E15C1A9D800A4DAF7 /* img88.jpg in Resources */ = {isa = PBXBuildFile; fileRef = 3245347415C1A9D800A4DAF7 /* img88.jpg */; };
		3245353F15C1A9D800A4DAF7 /* img89.jpg in Resources */ = {isa = PBXBuildFile; fileRef = 3245347515C1A9D800A4DAF7 /* img89.jpg */; };
		3245354015C1A9D800A4DAF7 /* img9.jpg in Resources */ = {isa = PBXBuildFile; fileRef = 3245347615C1A9D800A4DAF7 /* img9.jpg */; };
		3245354115C1A9D800A4DAF7 /* img90.jpg in Resources */ = {isa = PBXBuildFile; fileRef = 3245347715C1A9D800A4DAF7 /* img90.jpg */; };
		3245354215C1A9D800A4DAF7 /* img91.jpg in Resources */ = {isa = PBXBuildFile; fileRef = 3245347815C1A9D800A4DAF7 /* img91.jpg */; };
		3245354315C1A9D800A4DAF7 /* img92.jpg in Resources */ = {isa = PBXBuildFile; fileRef = 3245347915C1A9D800A4DAF7 /* img92.jpg */; };
		3245354415C1A9D800A4DAF7 /* img93.jpg in Resources */ = {isa = PBXBuildFile; fileRef = 3245347A15C1A9D800A4DAF7 /* img93.jpg */; };
		3245354515C1A9D800A4DAF7 /* img94.jpg in Resources */ = {isa = PBXBuildFile; fileRef = 3245347B15C1A9D800A4DAF7 /* img94.jpg */; };
		3245354615C1A9D800A4DAF7 /* img95.jpg in Resources */ = {isa = PBXBuildFile; fileRef = 3245347C15C1A9D800A4DAF7 /* img95.jpg */; };
		3245354715C1A9D800A4DAF7 /* img96.jpg in Resources */ = {isa = PBXBuildFile; fileRef = 3245347D15C1A9D800A4DAF7 /* img96.jpg */; };
		3245354815C1A9D800A4DAF7 /* img97.jpg in Resources */ = {isa = PBXBuildFile; fileRef = 3245347E15C1A9D800A4DAF7 /* img97.jpg */; };
		3245354915C1A9D800A4DAF7 /* img98.jpg in Resources */ = {isa = PBXBuildFile; fileRef = 3245347F15C1A9D800A4DAF7 /* img98.jpg */; };
		3245354A15C1A9D800A4DAF7 /* img99.jpg in Resources */ = {isa = PBXBuildFile; fileRef = 3245348015C1A9D800A4DAF7 /* img99.jpg */; };
		3245354B15C1A9D800A4DAF7 /* img_sml1.jpg in Resources */ = {isa = PBXBuildFile; fileRef = 3245348215C1A9D800A4DAF7 /* img_sml1.jpg */; };
		3245354C15C1A9D800A4DAF7 /* img_sml10.jpg in Resources */ = {isa = PBXBuildFile; fileRef = 3245348315C1A9D800A4DAF7 /* img_sml10.jpg */; };
		3245354D15C1A9D800A4DAF7 /* img_sml100.jpg in Resources */ = {isa = PBXBuildFile; fileRef = 3245348415C1A9D800A4DAF7 /* img_sml100.jpg */; };
		3245354E15C1A9D800A4DAF7 /* img_sml11.jpg in Resources */ = {isa = PBXBuildFile; fileRef = 3245348515C1A9D800A4DAF7 /* img_sml11.jpg */; };
		3245354F15C1A9D800A4DAF7 /* img_sml12.jpg in Resources */ = {isa = PBXBuildFile; fileRef = 3245348615C1A9D800A4DAF7 /* img_sml12.jpg */; };
		3245355015C1A9D800A4DAF7 /* img_sml13.jpg in Resources */ = {isa = PBXBuildFile; fileRef = 3245348715C1A9D800A4DAF7 /* img_sml13.jpg */; };
		3245355115C1A9D800A4DAF7 /* img_sml14.jpg in Resources */ = {isa = PBXBuildFile; fileRef = 3245348815C1A9D800A4DAF7 /* img_sml14.jpg */; };
		3245355215C1A9D800A4DAF7 /* img_sml15.jpg in Resources */ = {isa = PBXBuildFile; fileRef = 3245348915C1A9D800A4DAF7 /* img_sml15.jpg */; };
		3245355315C1A9D800A4DAF7 /* img_sml16.jpg in Resources */ = {isa = PBXBuildFile; fileRef = 3245348A15C1A9D800A4DAF7 /* img_sml16.jpg */; };
		3245355415C1A9D800A4DAF7 /* img_sml17.jpg in Resources */ = {isa = PBXBuildFile; fileRef = 3245348B15C1A9D800A4DAF7 /* img_sml17.jpg */; };
		3245355515C1A9D800A4DAF7 /* img_sml18.jpg in Resources */ = {isa = PBXBuildFile; fileRef = 3245348C15C1A9D800A4DAF7 /* img_sml18.jpg */; };
		3245355615C1A9D800A4DAF7 /* img_sml19.jpg in Resources */ = {isa = PBXBuildFile; fileRef = 3245348D15C1A9D800A4DAF7 /* img_sml19.jpg */; };
		3245355715C1A9D800A4DAF7 /* img_sml2.jpg in Resources */ = {isa = PBXBuildFile; fileRef = 3245348E15C1A9D800A4DAF7 /* img_sml2.jpg */; };
		3245355815C1A9D800A4DAF7 /* img_sml20.jpg in Resources */ = {isa = PBXBuildFile; fileRef = 3245348F15C1A9D800A4DAF7 /* img_sml20.jpg */; };
		3245355915C1A9D800A4DAF7 /* img_sml21.jpg in Resources */ = {isa = PBXBuildFile; fileRef = 3245349015C1A9D800A4DAF7 /* img_sml21.jpg */; };
		3245355A15C1A9D800A4DAF7 /* img_sml22.jpg in Resources */ = {isa = PBXBuildFile; fileRef = 3245349115C1A9D800A4DAF7 /* img_sml22.jpg */; };
		3245355B15C1A9D800A4DAF7 /* img_sml23.jpg in Resources */ = {isa = PBXBuildFile; fileRef = 3245349215C1A9D800A4DAF7 /* img_sml23.jpg */; };
		3245355C15C1A9D800A4DAF7 /* img_sml24.jpg in Resources */ = {isa = PBXBuildFile; fileRef = 3245349315C1A9D800A4DAF7 /* img_sml24.jpg */; };
		3245355D15C1A9D800A4DAF7 /* img_sml25.jpg in Resources */ = {isa = PBXBuildFile; fileRef = 3245349415C1A9D800A4DAF7 /* img_sml25.jpg */; };
		3245355E15C1A9D800A4DAF7 /* img_sml26.jpg in Resources */ = {isa = PBXBuildFile; fileRef = 3245349515C1A9D800A4DAF7 /* img_sml26.jpg */; };
		3245355F15C1A9D800A4DAF7 /* img_sml27.jpg in Resources */ = {isa = PBXBuildFile; fileRef = 3245349615C1A9D800A4DAF7 /* img_sml27.jpg */; };
		3245356015C1A9D800A4DAF7 /* img_sml28.jpg in Resources */ = {isa = PBXBuildFile; fileRef = 3245349715C1A9D800A4DAF7 /* img_sml28.jpg */; };
		3245356115C1A9D800A4DAF7 /* img_sml29.jpg in Resources */ = {isa = PBXBuildFile; fileRef = 3245349815C1A9D800A4DAF7 /* img_sml29.jpg */; };
		3245356215C1A9D800A4DAF7 /* img_sml3.jpg in Resources */ = {isa = PBXBuildFile; fileRef = 3245349915C1A9D800A4DAF7 /* img_sml3.jpg */; };
		3245356315C1A9D800A4DAF7 /* img_sml30.jpg in Resources */ = {isa = PBXBuildFile; fileRef = 3245349A15C1A9D800A4DAF7 /* img_sml30.jpg */; };
		3245356415C1A9D800A4DAF7 /* img_sml31.jpg in Resources */ = {isa = PBXBuildFile; fileRef = 3245349B15C1A9D800A4DAF7 /* img_sml31.jpg */; };
		3245356515C1A9D800A4DAF7 /* img_sml32.jpg in Resources */ = {isa = PBXBuildFile; fileRef = 3245349C15C1A9D800A4DAF7 /* img_sml32.jpg */; };
		3245356615C1A9D800A4DAF7 /* img_sml33.jpg in Resources */ = {isa = PBXBuildFile; fileRef = 3245349D15C1A9D800A4DAF7 /* img_sml33.jpg */; };
		3245356715C1A9D800A4DAF7 /* img_sml34.jpg in Resources */ = {isa = PBXBuildFile; fileRef = 3245349E15C1A9D800A4DAF7 /* img_sml34.jpg */; };
		3245356815C1A9D800A4DAF7 /* img_sml35.jpg in Resources */ = {isa = PBXBuildFile; fileRef = 3245349F15C1A9D800A4DAF7 /* img_sml35.jpg */; };
		3245356915C1A9D800A4DAF7 /* img_sml36.jpg in Resources */ = {isa = PBXBuildFile; fileRef = 324534A015C1A9D800A4DAF7 /* img_sml36.jpg */; };
		3245356A15C1A9D800A4DAF7 /* img_sml37.jpg in Resources */ = {isa = PBXBuildFile; fileRef = 324534A115C1A9D800A4DAF7 /* img_sml37.jpg */; };
		3245356B15C1A9D800A4DAF7 /* img_sml38.jpg in Resources */ = {isa = PBXBuildFile; fileRef = 324534A215C1A9D800A4DAF7 /* img_sml38.jpg */; };
		3245356C15C1A9D800A4DAF7 /* img_sml39.jpg in Resources */ = {isa = PBXBuildFile; fileRef = 324534A315C1A9D800A4DAF7 /* img_sml39.jpg */; };
		3245356D15C1A9D800A4DAF7 /* img_sml4.jpg in Resources */ = {isa = PBXBuildFile; fileRef = 324534A415C1A9D800A4DAF7 /* img_sml4.jpg */; };
		3245356E15C1A9D800A4DAF7 /* img_sml40.jpg in Resources */ = {isa = PBXBuildFile; fileRef = 324534A515C1A9D800A4DAF7 /* img_sml40.jpg */; };
		3245356F15C1A9D800A4DAF7 /* img_sml41.jpg in Resources */ = {isa = PBXBuildFile; fileRef = 324534A615C1A9D800A4DAF7 /* img_sml41.jpg */; };
		3245357015C1A9D800A4DAF7 /* img_sml42.jpg in Resources */ = {isa = PBXBuildFile; fileRef = 324534A715C1A9D800A4DAF7 /* img_sml42.jpg */; };
		3245357115C1A9D800A4DAF7 /* img_sml43.jpg in Resources */ = {isa = PBXBuildFile; fileRef = 324534A815C1A9D800A4DAF7 /* img_sml43.jpg */; };
		3245357215C1A9D800A4DAF7 /* img_sml44.jpg in Resources */ = {isa = PBXBuildFile; fileRef = 324534A915C1A9D800A4DAF7 /* img_sml44.jpg */; };
		3245357315C1A9D800A4DAF7 /* img_sml45.jpg in Resources */ = {isa = PBXBuildFile; fileRef = 324534AA15C1A9D800A4DAF7 /* img_sml45.jpg */; };
		3245357415C1A9D800A4DAF7 /* img_sml46.jpg in Resources */ = {isa = PBXBuildFile; fileRef = 324534AB15C1A9D800A4DAF7 /* img_sml46.jpg */; };
		3245357515C1A9D800A4DAF7 /* img_sml47.jpg in Resources */ = {isa = PBXBuildFile; fileRef = 324534AC15C1A9D800A4DAF7 /* img_sml47.jpg */; };
		3245357615C1A9D800A4DAF7 /* img_sml48.jpg in Resources */ = {isa = PBXBuildFile; fileRef = 324534AD15C1A9D800A4DAF7 /* img_sml48.jpg */; };
		3245357715C1A9D800A4DAF7 /* img_sml49.jpg in Resources */ = {isa = PBXBuildFile; fileRef = 324534AE15C1A9D800A4DAF7 /* img_sml49.jpg */; };
		3245357815C1A9D800A4DAF7 /* img_sml5.jpg in Resources */ = {isa = PBXBuildFile; fileRef = 324534AF15C1A9D800A4DAF7 /* img_sml5.jpg */; };
		3245357915C1A9D800A4DAF7 /* img_sml50.jpg in Resources */ = {isa = PBXBuildFile; fileRef = 324534B015C1A9D800A4DAF7 /* img_sml50.jpg */; };
		3245357A15C1A9D800A4DAF7 /* img_sml51.jpg in Resources */ = {isa = PBXBuildFile; fileRef = 324534B115C1A9D800A4DAF7 /* img_sml51.jpg */; };
		3245357B15C1A9D800A4DAF7 /* img_sml52.jpg in Resources */ = {isa = PBXBuildFile; fileRef = 324534B215C1A9D800A4DAF7 /* img_sml52.jpg */; };
		3245357C15C1A9D800A4DAF7 /* img_sml53.jpg in Resources */ = {isa = PBXBuildFile; fileRef = 324534B315C1A9D800A4DAF7 /* img_sml53.jpg */; };
		3245357D15C1A9D800A4DAF7 /* img_sml54.jpg in Resources */ = {isa = PBXBuildFile; fileRef = 324534B415C1A9D800A4DAF7 /* img_sml54.jpg */; };
		3245357E15C1A9D800A4DAF7 /* img_sml55.jpg in Resources */ = {isa = PBXBuildFile; fileRef = 324534B515C1A9D800A4DAF7 /* img_sml55.jpg */; };
		3245357F15C1A9D800A4DAF7 /* img_sml56.jpg in Resources */ = {isa = PBXBuildFile; fileRef = 324534B615C1A9D800A4DAF7 /* img_sml56.jpg */; };
		3245358015C1A9D800A4DAF7 /* img_sml57.jpg in Resources */ = {isa = PBXBuildFile; fileRef = 324534B715C1A9D800A4DAF7 /* img_sml57.jpg */; };
		3245358115C1A9D800A4DAF7 /* img_sml58.jpg in Resources */ = {isa = PBXBuildFile; fileRef = 324534B815C1A9D800A4DAF7 /* img_sml58.jpg */; };
		3245358215C1A9D800A4DAF7 /* img_sml59.jpg in Resources */ = {isa = PBXBuildFile; fileRef = 324534B915C1A9D800A4DAF7 /* img_sml59.jpg */; };
		3245358315C1A9D800A4DAF7 /* img_sml6.jpg in Resources */ = {isa = PBXBuildFile; fileRef = 324534BA15C1A9D800A4DAF7 /* img_sml6.jpg */; };
		3245358415C1A9D800A4DAF7 /* img_sml60.jpg in Resources */ = {isa = PBXBuildFile; fileRef = 324534BB15C1A9D800A4DAF7 /* img_sml60.jpg */; };
		3245358515C1A9D800A4DAF7 /* img_sml61.jpg in Resources */ = {isa = PBXBuildFile; fileRef = 324534BC15C1A9D800A4DAF7 /* img_sml61.jpg */; };
		3245358615C1A9D800A4DAF7 /* img_sml62.jpg in Resources */ = {isa = PBXBuildFile; fileRef = 324534BD15C1A9D800A4DAF7 /* img_sml62.jpg */; };
		3245358715C1A9D800A4DAF7 /* img_sml63.jpg in Resources */ = {isa = PBXBuildFile; fileRef = 324534BE15C1A9D800A4DAF7 /* img_sml63.jpg */; };
		3245358815C1A9D800A4DAF7 /* img_sml64.jpg in Resources */ = {isa = PBXBuildFile; fileRef = 324534BF15C1A9D800A4DAF7 /* img_sml64.jpg */; };
		3245358915C1A9D800A4DAF7 /* img_sml65.jpg in Resources */ = {isa = PBXBuildFile; fileRef = 324534C015C1A9D800A4DAF7 /* img_sml65.jpg */; };
		3245358A15C1A9D800A4DAF7 /* img_sml66.jpg in Resources */ = {isa = PBXBuildFile; fileRef = 324534C115C1A9D800A4DAF7 /* img_sml66.jpg */; };
		3245358B15C1A9D800A4DAF7 /* img_sml67.jpg in Resources */ = {isa = PBXBuildFile; fileRef = 324534C215C1A9D800A4DAF7 /* img_sml67.jpg */; };
		3245358C15C1A9D800A4DAF7 /* img_sml68.jpg in Resources */ = {isa = PBXBuildFile; fileRef = 324534C315C1A9D800A4DAF7 /* img_sml68.jpg */; };
		3245358D15C1A9D800A4DAF7 /* img_sml69.jpg in Resources */ = {isa = PBXBuildFile; fileRef = 324534C415C1A9D800A4DAF7 /* img_sml69.jpg */; };
		3245358E15C1A9D800A4DAF7 /* img_sml7.jpg in Resources */ = {isa = PBXBuildFile; fileRef = 324534C515C1A9D800A4DAF7 /* img_sml7.jpg */; };
		3245358F15C1A9D800A4DAF7 /* img_sml70.jpg in Resources */ = {isa = PBXBuildFile; fileRef = 324534C615C1A9D800A4DAF7 /* img_sml70.jpg */; };
		3245359015C1A9D800A4DAF7 /* img_sml71.jpg in Resources */ = {isa = PBXBuildFile; fileRef = 324534C715C1A9D800A4DAF7 /* img_sml71.jpg */; };
		3245359115C1A9D800A4DAF7 /* img_sml72.jpg in Resources */ = {isa = PBXBuildFile; fileRef = 324534C815C1A9D800A4DAF7 /* img_sml72.jpg */; };
		3245359215C1A9D800A4DAF7 /* img_sml73.jpg in Resources */ = {isa = PBXBuildFile; fileRef = 324534C915C1A9D800A4DAF7 /* img_sml73.jpg */; };
		3245359315C1A9D800A4DAF7 /* img_sml74.jpg in Resources */ = {isa = PBXBuildFile; fileRef = 324534CA15C1A9D800A4DAF7 /* img_sml74.jpg */; };
		3245359415C1A9D800A4DAF7 /* img_sml75.jpg in Resources */ = {isa = PBXBuildFile; fileRef = 324534CB15C1A9D800A4DAF7 /* img_sml75.jpg */; };
		3245359515C1A9D800A4DAF7 /* img_sml76.jpg in Resources */ = {isa = PBXBuildFile; fileRef = 324534CC15C1A9D800A4DAF7 /* img_sml76.jpg */; };
		3245359615C1A9D800A4DAF7 /* img_sml77.jpg in Resources */ = {isa = PBXBuildFile; fileRef = 324534CD15C1A9D800A4DAF7 /* img_sml77.jpg */; };
		3245359715C1A9D800A4DAF7 /* img_sml78.jpg in Resources */ = {isa = PBXBuildFile; fileRef = 324534CE15C1A9D800A4DAF7 /* img_sml78.jpg */; };
		3245359815C1A9D800A4DAF7 /* img_sml79.jpg in Resources */ = {isa = PBXBuildFile; fileRef = 324534CF15C1A9D800A4DAF7 /* img_sml79.jpg */; };
		3245359915C1A9D800A4DAF7 /* img_sml8.jpg in Resources */ = {isa = PBXBuildFile; fileRef = 324534D015C1A9D800A4DAF7 /* img_sml8.jpg */; };
		3245359A15C1A9D800A4DAF7 /* img_sml80.jpg in Resources */ = {isa = PBXBuildFile; fileRef = 324534D115C1A9D800A4DAF7 /* img_sml80.jpg */; };
		3245359B15C1A9D800A4DAF7 /* img_sml81.jpg in Resources */ = {isa = PBXBuildFile; fileRef = 324534D215C1A9D800A4DAF7 /* img_sml81.jpg */; };
		3245359C15C1A9D800A4DAF7 /* img_sml82.jpg in Resources */ = {isa = PBXBuildFile; fileRef = 324534D315C1A9D800A4DAF7 /* img_sml82.jpg */; };
		3245359D15C1A9D800A4DAF7 /* img_sml83.jpg in Resources */ = {isa = PBXBuildFile; fileRef = 324534D415C1A9D800A4DAF7 /* img_sml83.jpg */; };
		3245359E15C1A9D800A4DAF7 /* img_sml84.jpg in Resources */ = {isa = PBXBuildFile; fileRef = 324534D515C1A9D800A4DAF7 /* img_sml84.jpg */; };
		3245359F15C1A9D800A4DAF7 /* img_sml85.jpg in Resources */ = {isa = PBXBuildFile; fileRef = 324534D615C1A9D800A4DAF7 /* img_sml85.jpg */; };
		324535A015C1A9D800A4DAF7 /* img_sml86.jpg in Resources */ = {isa = PBXBuildFile; fileRef = 324534D715C1A9D800A4DAF7 /* img_sml86.jpg */; };
		324535A115C1A9D800A4DAF7 /* img_sml87.jpg in Resources */ = {isa = PBXBuildFile; fileRef = 324534D815C1A9D800A4DAF7 /* img_sml87.jpg */; };
		324535A215C1A9D800A4DAF7 /* img_sml88.jpg in Resources */ = {isa = PBXBuildFile; fileRef = 324534D915C1A9D800A4DAF7 /* img_sml88.jpg */; };
		324535A315C1A9D800A4DAF7 /* img_sml89.jpg in Resources */ = {isa = PBXBuildFile; fileRef = 324534DA15C1A9D800A4DAF7 /* img_sml89.jpg */; };
		324535A415C1A9D800A4DAF7 /* img_sml9.jpg in Resources */ = {isa = PBXBuildFile; fileRef = 324534DB15C1A9D800A4DAF7 /* img_sml9.jpg */; };
		324535A515C1A9D800A4DAF7 /* img_sml90.jpg in Resources */ = {isa = PBXBuildFile; fileRef = 324534DC15C1A9D800A4DAF7 /* img_sml90.jpg */; };
		324535A615C1A9D800A4DAF7 /* img_sml91.jpg in Resources */ = {isa = PBXBuildFile; fileRef = 324534DD15C1A9D800A4DAF7 /* img_sml91.jpg */; };
		324535A715C1A9D800A4DAF7 /* img_sml92.jpg in Resources */ = {isa = PBXBuildFile; fileRef = 324534DE15C1A9D800A4DAF7 /* img_sml92.jpg */; };
		324535A815C1A9D800A4DAF7 /* img_sml93.jpg in Resources */ = {isa = PBXBuildFile; fileRef = 324534DF15C1A9D800A4DAF7 /* img_sml93.jpg */; };
		324535A915C1A9D800A4DAF7 /* img_sml94.jpg in Resources */ = {isa = PBXBuildFile; fileRef = 324534E015C1A9D800A4DAF7 /* img_sml94.jpg */; };
		324535AA15C1A9D800A4DAF7 /* img_sml95.jpg in Resources */ = {isa = PBXBuildFile; fileRef = 324534E115C1A9D800A4DAF7 /* img_sml95.jpg */; };
		324535AB15C1A9D800A4DAF7 /* img_sml96.jpg in Resources */ = {isa = PBXBuildFile; fileRef = 324534E215C1A9D800A4DAF7 /* img_sml96.jpg */; };
		324535AC15C1A9D800A4DAF7 /* img_sml97.jpg in Resources */ = {isa = PBXBuildFile; fileRef = 324534E315C1A9D800A4DAF7 /* img_sml97.jpg */; };
		324535AD15C1A9D800A4DAF7 /* img_sml98.jpg in Resources */ = {isa = PBXBuildFile; fileRef = 324534E415C1A9D800A4DAF7 /* img_sml98.jpg */; };
		324535AE15C1A9D800A4DAF7 /* img_sml99.jpg in Resources */ = {isa = PBXBuildFile; fileRef = 324534E515C1A9D800A4DAF7 /* img_sml99.jpg */; };
		324535AF15C1A9D800A4DAF7 /* tileable_wood_texture.png in Resources */ = {isa = PBXBuildFile; fileRef = 324534E615C1A9D800A4DAF7 /* tileable_wood_texture.png */; };
		324535B215C1D8A400A4DAF7 /* bar_clean.png in Resources */ = {isa = PBXBuildFile; fileRef = 324535B115C1D8A400A4DAF7 /* bar_clean.png */; };
		5323E6B20EAFCA74003A9687 /* CoreVideo.framework in Frameworks */ = {isa = PBXBuildFile; fileRef = 5323E6B10EAFCA74003A9687 /* CoreVideo.framework */; };
		5323E6B60EAFCA7E003A9687 /* QTKit.framework in Frameworks */ = {isa = PBXBuildFile; fileRef = 5323E6B50EAFCA7E003A9687 /* QTKit.framework */; };
		53E3CDFC0E86099300238D2B /* Carbon.framework in Frameworks */ = {isa = PBXBuildFile; fileRef = 53E3CDFB0E86099300238D2B /* Carbon.framework */; };
		8D11072F0486CEB800E47090 /* Cocoa.framework in Frameworks */ = {isa = PBXBuildFile; fileRef = 1058C7A1FEA54F0111CA2CBB /* Cocoa.framework */; };
/* End PBXBuildFile section */

/* Begin PBXFileReference section */
		0091D8F80E81B9330029341E /* OpenGL.framework */ = {isa = PBXFileReference; lastKnownFileType = wrapper.framework; name = OpenGL.framework; path = /System/Library/Frameworks/OpenGL.framework; sourceTree = "<absolute>"; };
		0097E3E40F3E9819005A4392 /* QuickTime.framework */ = {isa = PBXFileReference; lastKnownFileType = wrapper.framework; name = QuickTime.framework; path = /System/Library/Frameworks/QuickTime.framework; sourceTree = "<absolute>"; };
		00B784AF0FF439BC000DE1D7 /* Accelerate.framework */ = {isa = PBXFileReference; lastKnownFileType = wrapper.framework; name = Accelerate.framework; path = System/Library/Frameworks/Accelerate.framework; sourceTree = SDKROOT; };
		00B784B00FF439BC000DE1D7 /* AudioToolbox.framework */ = {isa = PBXFileReference; lastKnownFileType = wrapper.framework; name = AudioToolbox.framework; path = System/Library/Frameworks/AudioToolbox.framework; sourceTree = SDKROOT; };
		00B784B10FF439BC000DE1D7 /* AudioUnit.framework */ = {isa = PBXFileReference; lastKnownFileType = wrapper.framework; name = AudioUnit.framework; path = System/Library/Frameworks/AudioUnit.framework; sourceTree = SDKROOT; };
		00B784B20FF439BC000DE1D7 /* CoreAudio.framework */ = {isa = PBXFileReference; lastKnownFileType = wrapper.framework; name = CoreAudio.framework; path = System/Library/Frameworks/CoreAudio.framework; sourceTree = SDKROOT; };
		00BAE6590E7ED9C10018A608 /* ImageRainApp.cpp */ = {isa = PBXFileReference; fileEncoding = 4; lastKnownFileType = sourcecode.cpp.cpp; name = ImageRainApp.cpp; path = ../src/ImageRainApp.cpp; sourceTree = SOURCE_ROOT; };
		00CCAF14116A9FEE008396D5 /* CinderApp.icns */ = {isa = PBXFileReference; lastKnownFileType = image.icns; name = CinderApp.icns; path = ../resources/CinderApp.icns; sourceTree = SOURCE_ROOT; };
		1058C7A1FEA54F0111CA2CBB /* Cocoa.framework */ = {isa = PBXFileReference; lastKnownFileType = wrapper.framework; name = Cocoa.framework; path = /System/Library/Frameworks/Cocoa.framework; sourceTree = "<absolute>"; };
		13E42FB307B3F0F600E4EEF1 /* CoreData.framework */ = {isa = PBXFileReference; lastKnownFileType = wrapper.framework; name = CoreData.framework; path = /System/Library/Frameworks/CoreData.framework; sourceTree = "<absolute>"; };
		29B97324FDCFA39411CA2CEA /* AppKit.framework */ = {isa = PBXFileReference; lastKnownFileType = wrapper.framework; name = AppKit.framework; path = /System/Library/Frameworks/AppKit.framework; sourceTree = "<absolute>"; };
		29B97325FDCFA39411CA2CEA /* Foundation.framework */ = {isa = PBXFileReference; lastKnownFileType = wrapper.framework; name = Foundation.framework; path = /System/Library/Frameworks/Foundation.framework; sourceTree = "<absolute>"; };
		3245341D15C1A9D800A4DAF7 /* img1.jpg */ = {isa = PBXFileReference; lastKnownFileType = image.jpeg; path = img1.jpg; sourceTree = "<group>"; };
		3245341E15C1A9D800A4DAF7 /* img10.jpg */ = {isa = PBXFileReference; lastKnownFileType = image.jpeg; path = img10.jpg; sourceTree = "<group>"; };
		3245341F15C1A9D800A4DAF7 /* img100.jpg */ = {isa = PBXFileReference; lastKnownFileType = image.jpeg; path = img100.jpg; sourceTree = "<group>"; };
		3245342015C1A9D800A4DAF7 /* img11.jpg */ = {isa = PBXFileReference; lastKnownFileType = image.jpeg; path = img11.jpg; sourceTree = "<group>"; };
		3245342115C1A9D800A4DAF7 /* img12.jpg */ = {isa = PBXFileReference; lastKnownFileType = image.jpeg; path = img12.jpg; sourceTree = "<group>"; };
		3245342215C1A9D800A4DAF7 /* img13.jpg */ = {isa = PBXFileReference; lastKnownFileType = image.jpeg; path = img13.jpg; sourceTree = "<group>"; };
		3245342315C1A9D800A4DAF7 /* img14.jpg */ = {isa = PBXFileReference; lastKnownFileType = image.jpeg; path = img14.jpg; sourceTree = "<group>"; };
		3245342415C1A9D800A4DAF7 /* img15.jpg */ = {isa = PBXFileReference; lastKnownFileType = image.jpeg; path = img15.jpg; sourceTree = "<group>"; };
		3245342515C1A9D800A4DAF7 /* img16.jpg */ = {isa = PBXFileReference; lastKnownFileType = image.jpeg; path = img16.jpg; sourceTree = "<group>"; };
		3245342615C1A9D800A4DAF7 /* img17.jpg */ = {isa = PBXFileReference; lastKnownFileType = image.jpeg; path = img17.jpg; sourceTree = "<group>"; };
		3245342715C1A9D800A4DAF7 /* img18.jpg */ = {isa = PBXFileReference; lastKnownFileType = image.jpeg; path = img18.jpg; sourceTree = "<group>"; };
		3245342815C1A9D800A4DAF7 /* img19.jpg */ = {isa = PBXFileReference; lastKnownFileType = image.jpeg; path = img19.jpg; sourceTree = "<group>"; };
		3245342915C1A9D800A4DAF7 /* img2.jpg */ = {isa = PBXFileReference; lastKnownFileType = image.jpeg; path = img2.jpg; sourceTree = "<group>"; };
		3245342A15C1A9D800A4DAF7 /* img20.jpg */ = {isa = PBXFileReference; lastKnownFileType = image.jpeg; path = img20.jpg; sourceTree = "<group>"; };
		3245342B15C1A9D800A4DAF7 /* img21.jpg */ = {isa = PBXFileReference; lastKnownFileType = image.jpeg; path = img21.jpg; sourceTree = "<group>"; };
		3245342C15C1A9D800A4DAF7 /* img22.jpg */ = {isa = PBXFileReference; lastKnownFileType = image.jpeg; path = img22.jpg; sourceTree = "<group>"; };
		3245342D15C1A9D800A4DAF7 /* img23.jpg */ = {isa = PBXFileReference; lastKnownFileType = image.jpeg; path = img23.jpg; sourceTree = "<group>"; };
		3245342E15C1A9D800A4DAF7 /* img24.jpg */ = {isa = PBXFileReference; lastKnownFileType = image.jpeg; path = img24.jpg; sourceTree = "<group>"; };
		3245342F15C1A9D800A4DAF7 /* img25.jpg */ = {isa = PBXFileReference; lastKnownFileType = image.jpeg; path = img25.jpg; sourceTree = "<group>"; };
		3245343015C1A9D800A4DAF7 /* img26.jpg */ = {isa = PBXFileReference; lastKnownFileType = image.jpeg; path = img26.jpg; sourceTree = "<group>"; };
		3245343115C1A9D800A4DAF7 /* img27.jpg */ = {isa = PBXFileReference; lastKnownFileType = image.jpeg; path = img27.jpg; sourceTree = "<group>"; };
		3245343215C1A9D800A4DAF7 /* img28.jpg */ = {isa = PBXFileReference; lastKnownFileType = image.jpeg; path = img28.jpg; sourceTree = "<group>"; };
		3245343315C1A9D800A4DAF7 /* img29.jpg */ = {isa = PBXFileReference; lastKnownFileType = image.jpeg; path = img29.jpg; sourceTree = "<group>"; };
		3245343415C1A9D800A4DAF7 /* img3.jpg */ = {isa = PBXFileReference; lastKnownFileType = image.jpeg; path = img3.jpg; sourceTree = "<group>"; };
		3245343515C1A9D800A4DAF7 /* img30.jpg */ = {isa = PBXFileReference; lastKnownFileType = image.jpeg; path = img30.jpg; sourceTree = "<group>"; };
		3245343615C1A9D800A4DAF7 /* img31.jpg */ = {isa = PBXFileReference; lastKnownFileType = image.jpeg; path = img31.jpg; sourceTree = "<group>"; };
		3245343715C1A9D800A4DAF7 /* img32.jpg */ = {isa = PBXFileReference; lastKnownFileType = image.jpeg; path = img32.jpg; sourceTree = "<group>"; };
		3245343815C1A9D800A4DAF7 /* img33.jpg */ = {isa = PBXFileReference; lastKnownFileType = image.jpeg; path = img33.jpg; sourceTree = "<group>"; };
		3245343915C1A9D800A4DAF7 /* img34.jpg */ = {isa = PBXFileReference; lastKnownFileType = image.jpeg; path = img34.jpg; sourceTree = "<group>"; };
		3245343A15C1A9D800A4DAF7 /* img35.jpg */ = {isa = PBXFileReference; lastKnownFileType = image.jpeg; path = img35.jpg; sourceTree = "<group>"; };
		3245343B15C1A9D800A4DAF7 /* img36.jpg */ = {isa = PBXFileReference; lastKnownFileType = image.jpeg; path = img36.jpg; sourceTree = "<group>"; };
		3245343C15C1A9D800A4DAF7 /* img37.jpg */ = {isa = PBXFileReference; lastKnownFileType = image.jpeg; path = img37.jpg; sourceTree = "<group>"; };
		3245343D15C1A9D800A4DAF7 /* img38.jpg */ = {isa = PBXFileReference; lastKnownFileType = image.jpeg; path = img38.jpg; sourceTree = "<group>"; };
		3245343E15C1A9D800A4DAF7 /* img39.jpg */ = {isa = PBXFileReference; lastKnownFileType = image.jpeg; path = img39.jpg; sourceTree = "<group>"; };
		3245343F15C1A9D800A4DAF7 /* img4.jpg */ = {isa = PBXFileReference; lastKnownFileType = image.jpeg; path = img4.jpg; sourceTree = "<group>"; };
		3245344015C1A9D800A4DAF7 /* img40.jpg */ = {isa = PBXFileReference; lastKnownFileType = image.jpeg; path = img40.jpg; sourceTree = "<group>"; };
		3245344115C1A9D800A4DAF7 /* img41.jpg */ = {isa = PBXFileReference; lastKnownFileType = image.jpeg; path = img41.jpg; sourceTree = "<group>"; };
		3245344215C1A9D800A4DAF7 /* img42.jpg */ = {isa = PBXFileReference; lastKnownFileType = image.jpeg; path = img42.jpg; sourceTree = "<group>"; };
		3245344315C1A9D800A4DAF7 /* img43.jpg */ = {isa = PBXFileReference; lastKnownFileType = image.jpeg; path = img43.jpg; sourceTree = "<group>"; };
		3245344415C1A9D800A4DAF7 /* img44.jpg */ = {isa = PBXFileReference; lastKnownFileType = image.jpeg; path = img44.jpg; sourceTree = "<group>"; };
		3245344515C1A9D800A4DAF7 /* img45.jpg */ = {isa = PBXFileReference; lastKnownFileType = image.jpeg; path = img45.jpg; sourceTree = "<group>"; };
		3245344615C1A9D800A4DAF7 /* img46.jpg */ = {isa = PBXFileReference; lastKnownFileType = image.jpeg; path = img46.jpg; sourceTree = "<group>"; };
		3245344715C1A9D800A4DAF7 /* img47.jpg */ = {isa = PBXFileReference; lastKnownFileType = image.jpeg; path = img47.jpg; sourceTree = "<group>"; };
		3245344815C1A9D800A4DAF7 /* img48.jpg */ = {isa = PBXFileReference; lastKnownFileType = image.jpeg; path = img48.jpg; sourceTree = "<group>"; };
		3245344915C1A9D800A4DAF7 /* img49.jpg */ = {isa = PBXFileReference; lastKnownFileType = image.jpeg; path = img49.jpg; sourceTree = "<group>"; };
		3245344A15C1A9D800A4DAF7 /* img5.jpg */ = {isa = PBXFileReference; lastKnownFileType = image.jpeg; path = img5.jpg; sourceTree = "<group>"; };
		3245344B15C1A9D800A4DAF7 /* img50.jpg */ = {isa = PBXFileReference; lastKnownFileType = image.jpeg; path = img50.jpg; sourceTree = "<group>"; };
		3245344C15C1A9D800A4DAF7 /* img51.jpg */ = {isa = PBXFileReference; lastKnownFileType = image.jpeg; path = img51.jpg; sourceTree = "<group>"; };
		3245344D15C1A9D800A4DAF7 /* img52.jpg */ = {isa = PBXFileReference; lastKnownFileType = image.jpeg; path = img52.jpg; sourceTree = "<group>"; };
		3245344E15C1A9D800A4DAF7 /* img53.jpg */ = {isa = PBXFileReference; lastKnownFileType = image.jpeg; path = img53.jpg; sourceTree = "<group>"; };
		3245344F15C1A9D800A4DAF7 /* img54.jpg */ = {isa = PBXFileReference; lastKnownFileType = image.jpeg; path = img54.jpg; sourceTree = "<group>"; };
		3245345015C1A9D800A4DAF7 /* img55.jpg */ = {isa = PBXFileReference; lastKnownFileType = image.jpeg; path = img55.jpg; sourceTree = "<group>"; };
		3245345115C1A9D800A4DAF7 /* img56.jpg */ = {isa = PBXFileReference; lastKnownFileType = image.jpeg; path = img56.jpg; sourceTree = "<group>"; };
		3245345215C1A9D800A4DAF7 /* img57.jpg */ = {isa = PBXFileReference; lastKnownFileType = image.jpeg; path = img57.jpg; sourceTree = "<group>"; };
		3245345315C1A9D800A4DAF7 /* img58.jpg */ = {isa = PBXFileReference; lastKnownFileType = image.jpeg; path = img58.jpg; sourceTree = "<group>"; };
		3245345415C1A9D800A4DAF7 /* img59.jpg */ = {isa = PBXFileReference; lastKnownFileType = image.jpeg; path = img59.jpg; sourceTree = "<group>"; };
		3245345515C1A9D800A4DAF7 /* img6.jpg */ = {isa = PBXFileReference; lastKnownFileType = image.jpeg; path = img6.jpg; sourceTree = "<group>"; };
		3245345615C1A9D800A4DAF7 /* img60.jpg */ = {isa = PBXFileReference; lastKnownFileType = image.jpeg; path = img60.jpg; sourceTree = "<group>"; };
		3245345715C1A9D800A4DAF7 /* img61.jpg */ = {isa = PBXFileReference; lastKnownFileType = image.jpeg; path = img61.jpg; sourceTree = "<group>"; };
		3245345815C1A9D800A4DAF7 /* img62.jpg */ = {isa = PBXFileReference; lastKnownFileType = image.jpeg; path = img62.jpg; sourceTree = "<group>"; };
		3245345915C1A9D800A4DAF7 /* img63.jpg */ = {isa = PBXFileReference; lastKnownFileType = image.jpeg; path = img63.jpg; sourceTree = "<group>"; };
		3245345A15C1A9D800A4DAF7 /* img64.jpg */ = {isa = PBXFileReference; lastKnownFileType = image.jpeg; path = img64.jpg; sourceTree = "<group>"; };
		3245345B15C1A9D800A4DAF7 /* img65.jpg */ = {isa = PBXFileReference; lastKnownFileType = image.jpeg; path = img65.jpg; sourceTree = "<group>"; };
		3245345C15C1A9D800A4DAF7 /* img66.jpg */ = {isa = PBXFileReference; lastKnownFileType = image.jpeg; path = img66.jpg; sourceTree = "<group>"; };
		3245345D15C1A9D800A4DAF7 /* img67.jpg */ = {isa = PBXFileReference; lastKnownFileType = image.jpeg; path = img67.jpg; sourceTree = "<group>"; };
		3245345E15C1A9D800A4DAF7 /* img68.jpg */ = {isa = PBXFileReference; lastKnownFileType = image.jpeg; path = img68.jpg; sourceTree = "<group>"; };
		3245345F15C1A9D800A4DAF7 /* img69.jpg */ = {isa = PBXFileReference; lastKnownFileType = image.jpeg; path = img69.jpg; sourceTree = "<group>"; };
		3245346015C1A9D800A4DAF7 /* img7.jpg */ = {isa = PBXFileReference; lastKnownFileType = image.jpeg; path = img7.jpg; sourceTree = "<group>"; };
		3245346115C1A9D800A4DAF7 /* img70.jpg */ = {isa = PBXFileReference; lastKnownFileType = image.jpeg; path = img70.jpg; sourceTree = "<group>"; };
		3245346215C1A9D800A4DAF7 /* img71.jpg */ = {isa = PBXFileReference; lastKnownFileType = image.jpeg; path = img71.jpg; sourceTree = "<group>"; };
		3245346315C1A9D800A4DAF7 /* img72.jpg */ = {isa = PBXFileReference; lastKnownFileType = image.jpeg; path = img72.jpg; sourceTree = "<group>"; };
		3245346415C1A9D800A4DAF7 /* img73.jpg */ = {isa = PBXFileReference; lastKnownFileType = image.jpeg; path = img73.jpg; sourceTree = "<group>"; };
		3245346515C1A9D800A4DAF7 /* img74.jpg */ = {isa = PBXFileReference; lastKnownFileType = image.jpeg; path = img74.jpg; sourceTree = "<group>"; };
		3245346615C1A9D800A4DAF7 /* img75.jpg */ = {isa = PBXFileReference; lastKnownFileType = image.jpeg; path = img75.jpg; sourceTree = "<group>"; };
		3245346715C1A9D800A4DAF7 /* img76.jpg */ = {isa = PBXFileReference; lastKnownFileType = image.jpeg; path = img76.jpg; sourceTree = "<group>"; };
		3245346815C1A9D800A4DAF7 /* img77.jpg */ = {isa = PBXFileReference; lastKnownFileType = image.jpeg; path = img77.jpg; sourceTree = "<group>"; };
		3245346915C1A9D800A4DAF7 /* img78.jpg */ = {isa = PBXFileReference; lastKnownFileType = image.jpeg; path = img78.jpg; sourceTree = "<group>"; };
		3245346A15C1A9D800A4DAF7 /* img79.jpg */ = {isa = PBXFileReference; lastKnownFileType = image.jpeg; path = img79.jpg; sourceTree = "<group>"; };
		3245346B15C1A9D800A4DAF7 /* img8.jpg */ = {isa = PBXFileReference; lastKnownFileType = image.jpeg; path = img8.jpg; sourceTree = "<group>"; };
		3245346C15C1A9D800A4DAF7 /* img80.jpg */ = {isa = PBXFileReference; lastKnownFileType = image.jpeg; path = img80.jpg; sourceTree = "<group>"; };
		3245346D15C1A9D800A4DAF7 /* img81.jpg */ = {isa = PBXFileReference; lastKnownFileType = image.jpeg; path = img81.jpg; sourceTree = "<group>"; };
		3245346E15C1A9D800A4DAF7 /* img82.jpg */ = {isa = PBXFileReference; lastKnownFileType = image.jpeg; path = img82.jpg; sourceTree = "<group>"; };
		3245346F15C1A9D800A4DAF7 /* img83.jpg */ = {isa = PBXFileReference; lastKnownFileType = image.jpeg; path = img83.jpg; sourceTree = "<group>"; };
		3245347015C1A9D800A4DAF7 /* img84.jpg */ = {isa = PBXFileReference; lastKnownFileType = image.jpeg; path = img84.jpg; sourceTree = "<group>"; };
		3245347115C1A9D800A4DAF7 /* img85.jpg */ = {isa = PBXFileReference; lastKnownFileType = image.jpeg; path = img85.jpg; sourceTree = "<group>"; };
		3245347215C1A9D800A4DAF7 /* img86.jpg */ = {isa = PBXFileReference; lastKnownFileType = image.jpeg; path = img86.jpg; sourceTree = "<group>"; };
		3245347315C1A9D800A4DAF7 /* img87.jpg */ = {isa = PBXFileReference; lastKnownFileType = image.jpeg; path = img87.jpg; sourceTree = "<group>"; };
		3245347415C1A9D800A4DAF7 /* img88.jpg */ = {isa = PBXFileReference; lastKnownFileType = image.jpeg; path = img88.jpg; sourceTree = "<group>"; };
		3245347515C1A9D800A4DAF7 /* img89.jpg */ = {isa = PBXFileReference; lastKnownFileType = image.jpeg; path = img89.jpg; sourceTree = "<group>"; };
		3245347615C1A9D800A4DAF7 /* img9.jpg */ = {isa = PBXFileReference; lastKnownFileType = image.jpeg; path = img9.jpg; sourceTree = "<group>"; };
		3245347715C1A9D800A4DAF7 /* img90.jpg */ = {isa = PBXFileReference; lastKnownFileType = image.jpeg; path = img90.jpg; sourceTree = "<group>"; };
		3245347815C1A9D800A4DAF7 /* img91.jpg */ = {isa = PBXFileReference; lastKnownFileType = image.jpeg; path = img91.jpg; sourceTree = "<group>"; };
		3245347915C1A9D800A4DAF7 /* img92.jpg */ = {isa = PBXFileReference; lastKnownFileType = image.jpeg; path = img92.jpg; sourceTree = "<group>"; };
		3245347A15C1A9D800A4DAF7 /* img93.jpg */ = {isa = PBXFileReference; lastKnownFileType = image.jpeg; path = img93.jpg; sourceTree = "<group>"; };
		3245347B15C1A9D800A4DAF7 /* img94.jpg */ = {isa = PBXFileReference; lastKnownFileType = image.jpeg; path = img94.jpg; sourceTree = "<group>"; };
		3245347C15C1A9D800A4DAF7 /* img95.jpg */ = {isa = PBXFileReference; lastKnownFileType = image.jpeg; path = img95.jpg; sourceTree = "<group>"; };
		3245347D15C1A9D800A4DAF7 /* img96.jpg */ = {isa = PBXFileReference; lastKnownFileType = image.jpeg; path = img96.jpg; sourceTree = "<group>"; };
		3245347E15C1A9D800A4DAF7 /* img97.jpg */ = {isa = PBXFileReference; lastKnownFileType = image.jpeg; path = img97.jpg; sourceTree = "<group>"; };
		3245347F15C1A9D800A4DAF7 /* img98.jpg */ = {isa = PBXFileReference; lastKnownFileType = image.jpeg; path = img98.jpg; sourceTree = "<group>"; };
		3245348015C1A9D800A4DAF7 /* img99.jpg */ = {isa = PBXFileReference; lastKnownFileType = image.jpeg; path = img99.jpg; sourceTree = "<group>"; };
		3245348215C1A9D800A4DAF7 /* img_sml1.jpg */ = {isa = PBXFileReference; lastKnownFileType = image.jpeg; path = img_sml1.jpg; sourceTree = "<group>"; };
		3245348315C1A9D800A4DAF7 /* img_sml10.jpg */ = {isa = PBXFileReference; lastKnownFileType = image.jpeg; path = img_sml10.jpg; sourceTree = "<group>"; };
		3245348415C1A9D800A4DAF7 /* img_sml100.jpg */ = {isa = PBXFileReference; lastKnownFileType = image.jpeg; path = img_sml100.jpg; sourceTree = "<group>"; };
		3245348515C1A9D800A4DAF7 /* img_sml11.jpg */ = {isa = PBXFileReference; lastKnownFileType = image.jpeg; path = img_sml11.jpg; sourceTree = "<group>"; };
		3245348615C1A9D800A4DAF7 /* img_sml12.jpg */ = {isa = PBXFileReference; lastKnownFileType = image.jpeg; path = img_sml12.jpg; sourceTree = "<group>"; };
		3245348715C1A9D800A4DAF7 /* img_sml13.jpg */ = {isa = PBXFileReference; lastKnownFileType = image.jpeg; path = img_sml13.jpg; sourceTree = "<group>"; };
		3245348815C1A9D800A4DAF7 /* img_sml14.jpg */ = {isa = PBXFileReference; lastKnownFileType = image.jpeg; path = img_sml14.jpg; sourceTree = "<group>"; };
		3245348915C1A9D800A4DAF7 /* img_sml15.jpg */ = {isa = PBXFileReference; lastKnownFileType = image.jpeg; path = img_sml15.jpg; sourceTree = "<group>"; };
		3245348A15C1A9D800A4DAF7 /* img_sml16.jpg */ = {isa = PBXFileReference; lastKnownFileType = image.jpeg; path = img_sml16.jpg; sourceTree = "<group>"; };
		3245348B15C1A9D800A4DAF7 /* img_sml17.jpg */ = {isa = PBXFileReference; lastKnownFileType = image.jpeg; path = img_sml17.jpg; sourceTree = "<group>"; };
		3245348C15C1A9D800A4DAF7 /* img_sml18.jpg */ = {isa = PBXFileReference; lastKnownFileType = image.jpeg; path = img_sml18.jpg; sourceTree = "<group>"; };
		3245348D15C1A9D800A4DAF7 /* img_sml19.jpg */ = {isa = PBXFileReference; lastKnownFileType = image.jpeg; path = img_sml19.jpg; sourceTree = "<group>"; };
		3245348E15C1A9D800A4DAF7 /* img_sml2.jpg */ = {isa = PBXFileReference; lastKnownFileType = image.jpeg; path = img_sml2.jpg; sourceTree = "<group>"; };
		3245348F15C1A9D800A4DAF7 /* img_sml20.jpg */ = {isa = PBXFileReference; lastKnownFileType = image.jpeg; path = img_sml20.jpg; sourceTree = "<group>"; };
		3245349015C1A9D800A4DAF7 /* img_sml21.jpg */ = {isa = PBXFileReference; lastKnownFileType = image.jpeg; path = img_sml21.jpg; sourceTree = "<group>"; };
		3245349115C1A9D800A4DAF7 /* img_sml22.jpg */ = {isa = PBXFileReference; lastKnownFileType = image.jpeg; path = img_sml22.jpg; sourceTree = "<group>"; };
		3245349215C1A9D800A4DAF7 /* img_sml23.jpg */ = {isa = PBXFileReference; lastKnownFileType = image.jpeg; path = img_sml23.jpg; sourceTree = "<group>"; };
		3245349315C1A9D800A4DAF7 /* img_sml24.jpg */ = {isa = PBXFileReference; lastKnownFileType = image.jpeg; path = img_sml24.jpg; sourceTree = "<group>"; };
		3245349415C1A9D800A4DAF7 /* img_sml25.jpg */ = {isa = PBXFileReference; lastKnownFileType = image.jpeg; path = img_sml25.jpg; sourceTree = "<group>"; };
		3245349515C1A9D800A4DAF7 /* img_sml26.jpg */ = {isa = PBXFileReference; lastKnownFileType = image.jpeg; path = img_sml26.jpg; sourceTree = "<group>"; };
		3245349615C1A9D800A4DAF7 /* img_sml27.jpg */ = {isa = PBXFileReference; lastKnownFileType = image.jpeg; path = img_sml27.jpg; sourceTree = "<group>"; };
		3245349715C1A9D800A4DAF7 /* img_sml28.jpg */ = {isa = PBXFileReference; lastKnownFileType = image.jpeg; path = img_sml28.jpg; sourceTree = "<group>"; };
		3245349815C1A9D800A4DAF7 /* img_sml29.jpg */ = {isa = PBXFileReference; lastKnownFileType = image.jpeg; path = img_sml29.jpg; sourceTree = "<group>"; };
		3245349915C1A9D800A4DAF7 /* img_sml3.jpg */ = {isa = PBXFileReference; lastKnownFileType = image.jpeg; path = img_sml3.jpg; sourceTree = "<group>"; };
		3245349A15C1A9D800A4DAF7 /* img_sml30.jpg */ = {isa = PBXFileReference; lastKnownFileType = image.jpeg; path = img_sml30.jpg; sourceTree = "<group>"; };
		3245349B15C1A9D800A4DAF7 /* img_sml31.jpg */ = {isa = PBXFileReference; lastKnownFileType = image.jpeg; path = img_sml31.jpg; sourceTree = "<group>"; };
		3245349C15C1A9D800A4DAF7 /* img_sml32.jpg */ = {isa = PBXFileReference; lastKnownFileType = image.jpeg; path = img_sml32.jpg; sourceTree = "<group>"; };
		3245349D15C1A9D800A4DAF7 /* img_sml33.jpg */ = {isa = PBXFileReference; lastKnownFileType = image.jpeg; path = img_sml33.jpg; sourceTree = "<group>"; };
		3245349E15C1A9D800A4DAF7 /* img_sml34.jpg */ = {isa = PBXFileReference; lastKnownFileType = image.jpeg; path = img_sml34.jpg; sourceTree = "<group>"; };
		3245349F15C1A9D800A4DAF7 /* img_sml35.jpg */ = {isa = PBXFileReference; lastKnownFileType = image.jpeg; path = img_sml35.jpg; sourceTree = "<group>"; };
		324534A015C1A9D800A4DAF7 /* img_sml36.jpg */ = {isa = PBXFileReference; lastKnownFileType = image.jpeg; path = img_sml36.jpg; sourceTree = "<group>"; };
		324534A115C1A9D800A4DAF7 /* img_sml37.jpg */ = {isa = PBXFileReference; lastKnownFileType = image.jpeg; path = img_sml37.jpg; sourceTree = "<group>"; };
		324534A215C1A9D800A4DAF7 /* img_sml38.jpg */ = {isa = PBXFileReference; lastKnownFileType = image.jpeg; path = img_sml38.jpg; sourceTree = "<group>"; };
		324534A315C1A9D800A4DAF7 /* img_sml39.jpg */ = {isa = PBXFileReference; lastKnownFileType = image.jpeg; path = img_sml39.jpg; sourceTree = "<group>"; };
		324534A415C1A9D800A4DAF7 /* img_sml4.jpg */ = {isa = PBXFileReference; lastKnownFileType = image.jpeg; path = img_sml4.jpg; sourceTree = "<group>"; };
		324534A515C1A9D800A4DAF7 /* img_sml40.jpg */ = {isa = PBXFileReference; lastKnownFileType = image.jpeg; path = img_sml40.jpg; sourceTree = "<group>"; };
		324534A615C1A9D800A4DAF7 /* img_sml41.jpg */ = {isa = PBXFileReference; lastKnownFileType = image.jpeg; path = img_sml41.jpg; sourceTree = "<group>"; };
		324534A715C1A9D800A4DAF7 /* img_sml42.jpg */ = {isa = PBXFileReference; lastKnownFileType = image.jpeg; path = img_sml42.jpg; sourceTree = "<group>"; };
		324534A815C1A9D800A4DAF7 /* img_sml43.jpg */ = {isa = PBXFileReference; lastKnownFileType = image.jpeg; path = img_sml43.jpg; sourceTree = "<group>"; };
		324534A915C1A9D800A4DAF7 /* img_sml44.jpg */ = {isa = PBXFileReference; lastKnownFileType = image.jpeg; path = img_sml44.jpg; sourceTree = "<group>"; };
		324534AA15C1A9D800A4DAF7 /* img_sml45.jpg */ = {isa = PBXFileReference; lastKnownFileType = image.jpeg; path = img_sml45.jpg; sourceTree = "<group>"; };
		324534AB15C1A9D800A4DAF7 /* img_sml46.jpg */ = {isa = PBXFileReference; lastKnownFileType = image.jpeg; path = img_sml46.jpg; sourceTree = "<group>"; };
		324534AC15C1A9D800A4DAF7 /* img_sml47.jpg */ = {isa = PBXFileReference; lastKnownFileType = image.jpeg; path = img_sml47.jpg; sourceTree = "<group>"; };
		324534AD15C1A9D800A4DAF7 /* img_sml48.jpg */ = {isa = PBXFileReference; lastKnownFileType = image.jpeg; path = img_sml48.jpg; sourceTree = "<group>"; };
		324534AE15C1A9D800A4DAF7 /* img_sml49.jpg */ = {isa = PBXFileReference; lastKnownFileType = image.jpeg; path = img_sml49.jpg; sourceTree = "<group>"; };
		324534AF15C1A9D800A4DAF7 /* img_sml5.jpg */ = {isa = PBXFileReference; lastKnownFileType = image.jpeg; path = img_sml5.jpg; sourceTree = "<group>"; };
		324534B015C1A9D800A4DAF7 /* img_sml50.jpg */ = {isa = PBXFileReference; lastKnownFileType = image.jpeg; path = img_sml50.jpg; sourceTree = "<group>"; };
		324534B115C1A9D800A4DAF7 /* img_sml51.jpg */ = {isa = PBXFileReference; lastKnownFileType = image.jpeg; path = img_sml51.jpg; sourceTree = "<group>"; };
		324534B215C1A9D800A4DAF7 /* img_sml52.jpg */ = {isa = PBXFileReference; lastKnownFileType = image.jpeg; path = img_sml52.jpg; sourceTree = "<group>"; };
		324534B315C1A9D800A4DAF7 /* img_sml53.jpg */ = {isa = PBXFileReference; lastKnownFileType = image.jpeg; path = img_sml53.jpg; sourceTree = "<group>"; };
		324534B415C1A9D800A4DAF7 /* img_sml54.jpg */ = {isa = PBXFileReference; lastKnownFileType = image.jpeg; path = img_sml54.jpg; sourceTree = "<group>"; };
		324534B515C1A9D800A4DAF7 /* img_sml55.jpg */ = {isa = PBXFileReference; lastKnownFileType = image.jpeg; path = img_sml55.jpg; sourceTree = "<group>"; };
		324534B615C1A9D800A4DAF7 /* img_sml56.jpg */ = {isa = PBXFileReference; lastKnownFileType = image.jpeg; path = img_sml56.jpg; sourceTree = "<group>"; };
		324534B715C1A9D800A4DAF7 /* img_sml57.jpg */ = {isa = PBXFileReference; lastKnownFileType = image.jpeg; path = img_sml57.jpg; sourceTree = "<group>"; };
		324534B815C1A9D800A4DAF7 /* img_sml58.jpg */ = {isa = PBXFileReference; lastKnownFileType = image.jpeg; path = img_sml58.jpg; sourceTree = "<group>"; };
		324534B915C1A9D800A4DAF7 /* img_sml59.jpg */ = {isa = PBXFileReference; lastKnownFileType = image.jpeg; path = img_sml59.jpg; sourceTree = "<group>"; };
		324534BA15C1A9D800A4DAF7 /* img_sml6.jpg */ = {isa = PBXFileReference; lastKnownFileType = image.jpeg; path = img_sml6.jpg; sourceTree = "<group>"; };
		324534BB15C1A9D800A4DAF7 /* img_sml60.jpg */ = {isa = PBXFileReference; lastKnownFileType = image.jpeg; path = img_sml60.jpg; sourceTree = "<group>"; };
		324534BC15C1A9D800A4DAF7 /* img_sml61.jpg */ = {isa = PBXFileReference; lastKnownFileType = image.jpeg; path = img_sml61.jpg; sourceTree = "<group>"; };
		324534BD15C1A9D800A4DAF7 /* img_sml62.jpg */ = {isa = PBXFileReference; lastKnownFileType = image.jpeg; path = img_sml62.jpg; sourceTree = "<group>"; };
		324534BE15C1A9D800A4DAF7 /* img_sml63.jpg */ = {isa = PBXFileReference; lastKnownFileType = image.jpeg; path = img_sml63.jpg; sourceTree = "<group>"; };
		324534BF15C1A9D800A4DAF7 /* img_sml64.jpg */ = {isa = PBXFileReference; lastKnownFileType = image.jpeg; path = img_sml64.jpg; sourceTree = "<group>"; };
		324534C015C1A9D800A4DAF7 /* img_sml65.jpg */ = {isa = PBXFileReference; lastKnownFileType = image.jpeg; path = img_sml65.jpg; sourceTree = "<group>"; };
		324534C115C1A9D800A4DAF7 /* img_sml66.jpg */ = {isa = PBXFileReference; lastKnownFileType = image.jpeg; path = img_sml66.jpg; sourceTree = "<group>"; };
		324534C215C1A9D800A4DAF7 /* img_sml67.jpg */ = {isa = PBXFileReference; lastKnownFileType = image.jpeg; path = img_sml67.jpg; sourceTree = "<group>"; };
		324534C315C1A9D800A4DAF7 /* img_sml68.jpg */ = {isa = PBXFileReference; lastKnownFileType = image.jpeg; path = img_sml68.jpg; sourceTree = "<group>"; };
		324534C415C1A9D800A4DAF7 /* img_sml69.jpg */ = {isa = PBXFileReference; lastKnownFileType = image.jpeg; path = img_sml69.jpg; sourceTree = "<group>"; };
		324534C515C1A9D800A4DAF7 /* img_sml7.jpg */ = {isa = PBXFileReference; lastKnownFileType = image.jpeg; path = img_sml7.jpg; sourceTree = "<group>"; };
		324534C615C1A9D800A4DAF7 /* img_sml70.jpg */ = {isa = PBXFileReference; lastKnownFileType = image.jpeg; path = img_sml70.jpg; sourceTree = "<group>"; };
		324534C715C1A9D800A4DAF7 /* img_sml71.jpg */ = {isa = PBXFileReference; lastKnownFileType = image.jpeg; path = img_sml71.jpg; sourceTree = "<group>"; };
		324534C815C1A9D800A4DAF7 /* img_sml72.jpg */ = {isa = PBXFileReference; lastKnownFileType = image.jpeg; path = img_sml72.jpg; sourceTree = "<group>"; };
		324534C915C1A9D800A4DAF7 /* img_sml73.jpg */ = {isa = PBXFileReference; lastKnownFileType = image.jpeg; path = img_sml73.jpg; sourceTree = "<group>"; };
		324534CA15C1A9D800A4DAF7 /* img_sml74.jpg */ = {isa = PBXFileReference; lastKnownFileType = image.jpeg; path = img_sml74.jpg; sourceTree = "<group>"; };
		324534CB15C1A9D800A4DAF7 /* img_sml75.jpg */ = {isa = PBXFileReference; lastKnownFileType = image.jpeg; path = img_sml75.jpg; sourceTree = "<group>"; };
		324534CC15C1A9D800A4DAF7 /* img_sml76.jpg */ = {isa = PBXFileReference; lastKnownFileType = image.jpeg; path = img_sml76.jpg; sourceTree = "<group>"; };
		324534CD15C1A9D800A4DAF7 /* img_sml77.jpg */ = {isa = PBXFileReference; lastKnownFileType = image.jpeg; path = img_sml77.jpg; sourceTree = "<group>"; };
		324534CE15C1A9D800A4DAF7 /* img_sml78.jpg */ = {isa = PBXFileReference; lastKnownFileType = image.jpeg; path = img_sml78.jpg; sourceTree = "<group>"; };
		324534CF15C1A9D800A4DAF7 /* img_sml79.jpg */ = {isa = PBXFileReference; lastKnownFileType = image.jpeg; path = img_sml79.jpg; sourceTree = "<group>"; };
		324534D015C1A9D800A4DAF7 /* img_sml8.jpg */ = {isa = PBXFileReference; lastKnownFileType = image.jpeg; path = img_sml8.jpg; sourceTree = "<group>"; };
		324534D115C1A9D800A4DAF7 /* img_sml80.jpg */ = {isa = PBXFileReference; lastKnownFileType = image.jpeg; path = img_sml80.jpg; sourceTree = "<group>"; };
		324534D215C1A9D800A4DAF7 /* img_sml81.jpg */ = {isa = PBXFileReference; lastKnownFileType = image.jpeg; path = img_sml81.jpg; sourceTree = "<group>"; };
		324534D315C1A9D800A4DAF7 /* img_sml82.jpg */ = {isa = PBXFileReference; lastKnownFileType = image.jpeg; path = img_sml82.jpg; sourceTree = "<group>"; };
		324534D415C1A9D800A4DAF7 /* img_sml83.jpg */ = {isa = PBXFileReference; lastKnownFileType = image.jpeg; path = img_sml83.jpg; sourceTree = "<group>"; };
		324534D515C1A9D800A4DAF7 /* img_sml84.jpg */ = {isa = PBXFileReference; lastKnownFileType = image.jpeg; path = img_sml84.jpg; sourceTree = "<group>"; };
		324534D615C1A9D800A4DAF7 /* img_sml85.jpg */ = {isa = PBXFileReference; lastKnownFileType = image.jpeg; path = img_sml85.jpg; sourceTree = "<group>"; };
		324534D715C1A9D800A4DAF7 /* img_sml86.jpg */ = {isa = PBXFileReference; lastKnownFileType = image.jpeg; path = img_sml86.jpg; sourceTree = "<group>"; };
		324534D815C1A9D800A4DAF7 /* img_sml87.jpg */ = {isa = PBXFileReference; lastKnownFileType = image.jpeg; path = img_sml87.jpg; sourceTree = "<group>"; };
		324534D915C1A9D800A4DAF7 /* img_sml88.jpg */ = {isa = PBXFileReference; lastKnownFileType = image.jpeg; path = img_sml88.jpg; sourceTree = "<group>"; };
		324534DA15C1A9D800A4DAF7 /* img_sml89.jpg */ = {isa = PBXFileReference; lastKnownFileType = image.jpeg; path = img_sml89.jpg; sourceTree = "<group>"; };
		324534DB15C1A9D800A4DAF7 /* img_sml9.jpg */ = {isa = PBXFileReference; lastKnownFileType = image.jpeg; path = img_sml9.jpg; sourceTree = "<group>"; };
		324534DC15C1A9D800A4DAF7 /* img_sml90.jpg */ = {isa = PBXFileReference; lastKnownFileType = image.jpeg; path = img_sml90.jpg; sourceTree = "<group>"; };
		324534DD15C1A9D800A4DAF7 /* img_sml91.jpg */ = {isa = PBXFileReference; lastKnownFileType = image.jpeg; path = img_sml91.jpg; sourceTree = "<group>"; };
		324534DE15C1A9D800A4DAF7 /* img_sml92.jpg */ = {isa = PBXFileReference; lastKnownFileType = image.jpeg; path = img_sml92.jpg; sourceTree = "<group>"; };
		324534DF15C1A9D800A4DAF7 /* img_sml93.jpg */ = {isa = PBXFileReference; lastKnownFileType = image.jpeg; path = img_sml93.jpg; sourceTree = "<group>"; };
		324534E015C1A9D800A4DAF7 /* img_sml94.jpg */ = {isa = PBXFileReference; lastKnownFileType = image.jpeg; path = img_sml94.jpg; sourceTree = "<group>"; };
		324534E115C1A9D800A4DAF7 /* img_sml95.jpg */ = {isa = PBXFileReference; lastKnownFileType = image.jpeg; path = img_sml95.jpg; sourceTree = "<group>"; };
		324534E215C1A9D800A4DAF7 /* img_sml96.jpg */ = {isa = PBXFileReference; lastKnownFileType = image.jpeg; path = img_sml96.jpg; sourceTree = "<group>"; };
		324534E315C1A9D800A4DAF7 /* img_sml97.jpg */ = {isa = PBXFileReference; lastKnownFileType = image.jpeg; path = img_sml97.jpg; sourceTree = "<group>"; };
		324534E415C1A9D800A4DAF7 /* img_sml98.jpg */ = {isa = PBXFileReference; lastKnownFileType = image.jpeg; path = img_sml98.jpg; sourceTree = "<group>"; };
		324534E515C1A9D800A4DAF7 /* img_sml99.jpg */ = {isa = PBXFileReference; lastKnownFileType = image.jpeg; path = img_sml99.jpg; sourceTree = "<group>"; };
		324534E615C1A9D800A4DAF7 /* tileable_wood_texture.png */ = {isa = PBXFileReference; lastKnownFileType = image.png; path = tileable_wood_texture.png; sourceTree = "<group>"; };
		324535B115C1D8A400A4DAF7 /* bar_clean.png */ = {isa = PBXFileReference; lastKnownFileType = image.png; name = bar_clean.png; path = ../resources/bar_clean.png; sourceTree = "<group>"; };
		324535B315C2E38500A4DAF7 /* GalleryImage.h */ = {isa = PBXFileReference; fileEncoding = 4; lastKnownFileType = sourcecode.c.h; name = GalleryImage.h; path = ../src/GalleryImage.h; sourceTree = "<group>"; };
		32CA4F630368D1EE00C91783 /* ImageRain_Prefix.pch */ = {isa = PBXFileReference; fileEncoding = 4; lastKnownFileType = sourcecode.c.h; path = ImageRain_Prefix.pch; sourceTree = "<group>"; };
		5323E6B10EAFCA74003A9687 /* CoreVideo.framework */ = {isa = PBXFileReference; lastKnownFileType = wrapper.framework; name = CoreVideo.framework; path = /System/Library/Frameworks/CoreVideo.framework; sourceTree = "<absolute>"; };
		5323E6B50EAFCA7E003A9687 /* QTKit.framework */ = {isa = PBXFileReference; lastKnownFileType = wrapper.framework; name = QTKit.framework; path = /System/Library/Frameworks/QTKit.framework; sourceTree = "<absolute>"; };
		53E3CDFB0E86099300238D2B /* Carbon.framework */ = {isa = PBXFileReference; lastKnownFileType = wrapper.framework; name = Carbon.framework; path = /System/Library/Frameworks/Carbon.framework; sourceTree = "<absolute>"; };
		8D1107310486CEB800E47090 /* Info.plist */ = {isa = PBXFileReference; fileEncoding = 4; lastKnownFileType = text.plist.xml; path = Info.plist; sourceTree = "<group>"; };
		8D1107320486CEB800E47090 /* ImageRain.app */ = {isa = PBXFileReference; explicitFileType = wrapper.application; includeInIndex = 0; path = ImageRain.app; sourceTree = BUILT_PRODUCTS_DIR; };
/* End PBXFileReference section */

/* Begin PBXFrameworksBuildPhase section */
		8D11072E0486CEB800E47090 /* Frameworks */ = {
			isa = PBXFrameworksBuildPhase;
			buildActionMask = 2147483647;
			files = (
				8D11072F0486CEB800E47090 /* Cocoa.framework in Frameworks */,
				0091D8F90E81B9330029341E /* OpenGL.framework in Frameworks */,
				53E3CDFC0E86099300238D2B /* Carbon.framework in Frameworks */,
				5323E6B20EAFCA74003A9687 /* CoreVideo.framework in Frameworks */,
				5323E6B60EAFCA7E003A9687 /* QTKit.framework in Frameworks */,
				0097E3E50F3E9819005A4392 /* QuickTime.framework in Frameworks */,
				00B784B30FF439BC000DE1D7 /* Accelerate.framework in Frameworks */,
				00B784B40FF439BC000DE1D7 /* AudioToolbox.framework in Frameworks */,
				00B784B50FF439BC000DE1D7 /* AudioUnit.framework in Frameworks */,
				00B784B60FF439BC000DE1D7 /* CoreAudio.framework in Frameworks */,
			);
			runOnlyForDeploymentPostprocessing = 0;
		};
/* End PBXFrameworksBuildPhase section */

/* Begin PBXGroup section */
		080E96DDFE201D6D7F000001 /* Source */ = {
			isa = PBXGroup;
			children = (
				00BAE6590E7ED9C10018A608 /* ImageRainApp.cpp */,
				324535B315C2E38500A4DAF7 /* GalleryImage.h */,
			);
			name = Source;
			sourceTree = "<group>";
		};
		1058C7A0FEA54F0111CA2CBB /* Linked Frameworks */ = {
			isa = PBXGroup;
			children = (
				00B784AF0FF439BC000DE1D7 /* Accelerate.framework */,
				00B784B00FF439BC000DE1D7 /* AudioToolbox.framework */,
				00B784B10FF439BC000DE1D7 /* AudioUnit.framework */,
				00B784B20FF439BC000DE1D7 /* CoreAudio.framework */,
				0097E3E40F3E9819005A4392 /* QuickTime.framework */,
				5323E6B50EAFCA7E003A9687 /* QTKit.framework */,
				5323E6B10EAFCA74003A9687 /* CoreVideo.framework */,
				53E3CDFB0E86099300238D2B /* Carbon.framework */,
				0091D8F80E81B9330029341E /* OpenGL.framework */,
				1058C7A1FEA54F0111CA2CBB /* Cocoa.framework */,
			);
			name = "Linked Frameworks";
			sourceTree = "<group>";
		};
		1058C7A2FEA54F0111CA2CBB /* Other Frameworks */ = {
			isa = PBXGroup;
			children = (
				29B97324FDCFA39411CA2CEA /* AppKit.framework */,
				13E42FB307B3F0F600E4EEF1 /* CoreData.framework */,
				29B97325FDCFA39411CA2CEA /* Foundation.framework */,
			);
			name = "Other Frameworks";
			sourceTree = "<group>";
		};
		19C28FACFE9D520D11CA2CBB /* Products */ = {
			isa = PBXGroup;
			children = (
				8D1107320486CEB800E47090 /* ImageRain.app */,
			);
			name = Products;
			sourceTree = "<group>";
		};
		29B97314FDCFA39411CA2CEA /* ImageRain */ = {
			isa = PBXGroup;
			children = (
				29B97315FDCFA39411CA2CEA /* Headers */,
				080E96DDFE201D6D7F000001 /* Source */,
				29B97317FDCFA39411CA2CEA /* Resources */,
				29B97323FDCFA39411CA2CEA /* Frameworks */,
				19C28FACFE9D520D11CA2CBB /* Products */,
			);
			name = ImageRain;
			sourceTree = "<group>";
		};
		29B97315FDCFA39411CA2CEA /* Headers */ = {
			isa = PBXGroup;
			children = (
				32CA4F630368D1EE00C91783 /* ImageRain_Prefix.pch */,
			);
			name = Headers;
			sourceTree = "<group>";
		};
		29B97317FDCFA39411CA2CEA /* Resources */ = {
			isa = PBXGroup;
			children = (
				324535B115C1D8A400A4DAF7 /* bar_clean.png */,
				3245341C15C1A9D800A4DAF7 /* img */,
				8D1107310486CEB800E47090 /* Info.plist */,
				00CCAF14116A9FEE008396D5 /* CinderApp.icns */,
			);
			name = Resources;
			sourceTree = "<group>";
		};
		29B97323FDCFA39411CA2CEA /* Frameworks */ = {
			isa = PBXGroup;
			children = (
				1058C7A0FEA54F0111CA2CBB /* Linked Frameworks */,
				1058C7A2FEA54F0111CA2CBB /* Other Frameworks */,
			);
			name = Frameworks;
			sourceTree = "<group>";
		};
		3245341C15C1A9D800A4DAF7 /* img */ = {
			isa = PBXGroup;
			children = (
				3245341D15C1A9D800A4DAF7 /* img1.jpg */,
				3245341E15C1A9D800A4DAF7 /* img10.jpg */,
				3245341F15C1A9D800A4DAF7 /* img100.jpg */,
				3245342015C1A9D800A4DAF7 /* img11.jpg */,
				3245342115C1A9D800A4DAF7 /* img12.jpg */,
				3245342215C1A9D800A4DAF7 /* img13.jpg */,
				3245342315C1A9D800A4DAF7 /* img14.jpg */,
				3245342415C1A9D800A4DAF7 /* img15.jpg */,
				3245342515C1A9D800A4DAF7 /* img16.jpg */,
				3245342615C1A9D800A4DAF7 /* img17.jpg */,
				3245342715C1A9D800A4DAF7 /* img18.jpg */,
				3245342815C1A9D800A4DAF7 /* img19.jpg */,
				3245342915C1A9D800A4DAF7 /* img2.jpg */,
				3245342A15C1A9D800A4DAF7 /* img20.jpg */,
				3245342B15C1A9D800A4DAF7 /* img21.jpg */,
				3245342C15C1A9D800A4DAF7 /* img22.jpg */,
				3245342D15C1A9D800A4DAF7 /* img23.jpg */,
				3245342E15C1A9D800A4DAF7 /* img24.jpg */,
				3245342F15C1A9D800A4DAF7 /* img25.jpg */,
				3245343015C1A9D800A4DAF7 /* img26.jpg */,
				3245343115C1A9D800A4DAF7 /* img27.jpg */,
				3245343215C1A9D800A4DAF7 /* img28.jpg */,
				3245343315C1A9D800A4DAF7 /* img29.jpg */,
				3245343415C1A9D800A4DAF7 /* img3.jpg */,
				3245343515C1A9D800A4DAF7 /* img30.jpg */,
				3245343615C1A9D800A4DAF7 /* img31.jpg */,
				3245343715C1A9D800A4DAF7 /* img32.jpg */,
				3245343815C1A9D800A4DAF7 /* img33.jpg */,
				3245343915C1A9D800A4DAF7 /* img34.jpg */,
				3245343A15C1A9D800A4DAF7 /* img35.jpg */,
				3245343B15C1A9D800A4DAF7 /* img36.jpg */,
				3245343C15C1A9D800A4DAF7 /* img37.jpg */,
				3245343D15C1A9D800A4DAF7 /* img38.jpg */,
				3245343E15C1A9D800A4DAF7 /* img39.jpg */,
				3245343F15C1A9D800A4DAF7 /* img4.jpg */,
				3245344015C1A9D800A4DAF7 /* img40.jpg */,
				3245344115C1A9D800A4DAF7 /* img41.jpg */,
				3245344215C1A9D800A4DAF7 /* img42.jpg */,
				3245344315C1A9D800A4DAF7 /* img43.jpg */,
				3245344415C1A9D800A4DAF7 /* img44.jpg */,
				3245344515C1A9D800A4DAF7 /* img45.jpg */,
				3245344615C1A9D800A4DAF7 /* img46.jpg */,
				3245344715C1A9D800A4DAF7 /* img47.jpg */,
				3245344815C1A9D800A4DAF7 /* img48.jpg */,
				3245344915C1A9D800A4DAF7 /* img49.jpg */,
				3245344A15C1A9D800A4DAF7 /* img5.jpg */,
				3245344B15C1A9D800A4DAF7 /* img50.jpg */,
				3245344C15C1A9D800A4DAF7 /* img51.jpg */,
				3245344D15C1A9D800A4DAF7 /* img52.jpg */,
				3245344E15C1A9D800A4DAF7 /* img53.jpg */,
				3245344F15C1A9D800A4DAF7 /* img54.jpg */,
				3245345015C1A9D800A4DAF7 /* img55.jpg */,
				3245345115C1A9D800A4DAF7 /* img56.jpg */,
				3245345215C1A9D800A4DAF7 /* img57.jpg */,
				3245345315C1A9D800A4DAF7 /* img58.jpg */,
				3245345415C1A9D800A4DAF7 /* img59.jpg */,
				3245345515C1A9D800A4DAF7 /* img6.jpg */,
				3245345615C1A9D800A4DAF7 /* img60.jpg */,
				3245345715C1A9D800A4DAF7 /* img61.jpg */,
				3245345815C1A9D800A4DAF7 /* img62.jpg */,
				3245345915C1A9D800A4DAF7 /* img63.jpg */,
				3245345A15C1A9D800A4DAF7 /* img64.jpg */,
				3245345B15C1A9D800A4DAF7 /* img65.jpg */,
				3245345C15C1A9D800A4DAF7 /* img66.jpg */,
				3245345D15C1A9D800A4DAF7 /* img67.jpg */,
				3245345E15C1A9D800A4DAF7 /* img68.jpg */,
				3245345F15C1A9D800A4DAF7 /* img69.jpg */,
				3245346015C1A9D800A4DAF7 /* img7.jpg */,
				3245346115C1A9D800A4DAF7 /* img70.jpg */,
				3245346215C1A9D800A4DAF7 /* img71.jpg */,
				3245346315C1A9D800A4DAF7 /* img72.jpg */,
				3245346415C1A9D800A4DAF7 /* img73.jpg */,
				3245346515C1A9D800A4DAF7 /* img74.jpg */,
				3245346615C1A9D800A4DAF7 /* img75.jpg */,
				3245346715C1A9D800A4DAF7 /* img76.jpg */,
				3245346815C1A9D800A4DAF7 /* img77.jpg */,
				3245346915C1A9D800A4DAF7 /* img78.jpg */,
				3245346A15C1A9D800A4DAF7 /* img79.jpg */,
				3245346B15C1A9D800A4DAF7 /* img8.jpg */,
				3245346C15C1A9D800A4DAF7 /* img80.jpg */,
				3245346D15C1A9D800A4DAF7 /* img81.jpg */,
				3245346E15C1A9D800A4DAF7 /* img82.jpg */,
				3245346F15C1A9D800A4DAF7 /* img83.jpg */,
				3245347015C1A9D800A4DAF7 /* img84.jpg */,
				3245347115C1A9D800A4DAF7 /* img85.jpg */,
				3245347215C1A9D800A4DAF7 /* img86.jpg */,
				3245347315C1A9D800A4DAF7 /* img87.jpg */,
				3245347415C1A9D800A4DAF7 /* img88.jpg */,
				3245347515C1A9D800A4DAF7 /* img89.jpg */,
				3245347615C1A9D800A4DAF7 /* img9.jpg */,
				3245347715C1A9D800A4DAF7 /* img90.jpg */,
				3245347815C1A9D800A4DAF7 /* img91.jpg */,
				3245347915C1A9D800A4DAF7 /* img92.jpg */,
				3245347A15C1A9D800A4DAF7 /* img93.jpg */,
				3245347B15C1A9D800A4DAF7 /* img94.jpg */,
				3245347C15C1A9D800A4DAF7 /* img95.jpg */,
				3245347D15C1A9D800A4DAF7 /* img96.jpg */,
				3245347E15C1A9D800A4DAF7 /* img97.jpg */,
				3245347F15C1A9D800A4DAF7 /* img98.jpg */,
				3245348015C1A9D800A4DAF7 /* img99.jpg */,
				3245348115C1A9D800A4DAF7 /* sml */,
				324534E615C1A9D800A4DAF7 /* tileable_wood_texture.png */,
			);
			name = img;
			path = ../resources/img;
			sourceTree = "<group>";
		};
		3245348115C1A9D800A4DAF7 /* sml */ = {
			isa = PBXGroup;
			children = (
				3245348215C1A9D800A4DAF7 /* img_sml1.jpg */,
				3245348315C1A9D800A4DAF7 /* img_sml10.jpg */,
				3245348415C1A9D800A4DAF7 /* img_sml100.jpg */,
				3245348515C1A9D800A4DAF7 /* img_sml11.jpg */,
				3245348615C1A9D800A4DAF7 /* img_sml12.jpg */,
				3245348715C1A9D800A4DAF7 /* img_sml13.jpg */,
				3245348815C1A9D800A4DAF7 /* img_sml14.jpg */,
				3245348915C1A9D800A4DAF7 /* img_sml15.jpg */,
				3245348A15C1A9D800A4DAF7 /* img_sml16.jpg */,
				3245348B15C1A9D800A4DAF7 /* img_sml17.jpg */,
				3245348C15C1A9D800A4DAF7 /* img_sml18.jpg */,
				3245348D15C1A9D800A4DAF7 /* img_sml19.jpg */,
				3245348E15C1A9D800A4DAF7 /* img_sml2.jpg */,
				3245348F15C1A9D800A4DAF7 /* img_sml20.jpg */,
				3245349015C1A9D800A4DAF7 /* img_sml21.jpg */,
				3245349115C1A9D800A4DAF7 /* img_sml22.jpg */,
				3245349215C1A9D800A4DAF7 /* img_sml23.jpg */,
				3245349315C1A9D800A4DAF7 /* img_sml24.jpg */,
				3245349415C1A9D800A4DAF7 /* img_sml25.jpg */,
				3245349515C1A9D800A4DAF7 /* img_sml26.jpg */,
				3245349615C1A9D800A4DAF7 /* img_sml27.jpg */,
				3245349715C1A9D800A4DAF7 /* img_sml28.jpg */,
				3245349815C1A9D800A4DAF7 /* img_sml29.jpg */,
				3245349915C1A9D800A4DAF7 /* img_sml3.jpg */,
				3245349A15C1A9D800A4DAF7 /* img_sml30.jpg */,
				3245349B15C1A9D800A4DAF7 /* img_sml31.jpg */,
				3245349C15C1A9D800A4DAF7 /* img_sml32.jpg */,
				3245349D15C1A9D800A4DAF7 /* img_sml33.jpg */,
				3245349E15C1A9D800A4DAF7 /* img_sml34.jpg */,
				3245349F15C1A9D800A4DAF7 /* img_sml35.jpg */,
				324534A015C1A9D800A4DAF7 /* img_sml36.jpg */,
				324534A115C1A9D800A4DAF7 /* img_sml37.jpg */,
				324534A215C1A9D800A4DAF7 /* img_sml38.jpg */,
				324534A315C1A9D800A4DAF7 /* img_sml39.jpg */,
				324534A415C1A9D800A4DAF7 /* img_sml4.jpg */,
				324534A515C1A9D800A4DAF7 /* img_sml40.jpg */,
				324534A615C1A9D800A4DAF7 /* img_sml41.jpg */,
				324534A715C1A9D800A4DAF7 /* img_sml42.jpg */,
				324534A815C1A9D800A4DAF7 /* img_sml43.jpg */,
				324534A915C1A9D800A4DAF7 /* img_sml44.jpg */,
				324534AA15C1A9D800A4DAF7 /* img_sml45.jpg */,
				324534AB15C1A9D800A4DAF7 /* img_sml46.jpg */,
				324534AC15C1A9D800A4DAF7 /* img_sml47.jpg */,
				324534AD15C1A9D800A4DAF7 /* img_sml48.jpg */,
				324534AE15C1A9D800A4DAF7 /* img_sml49.jpg */,
				324534AF15C1A9D800A4DAF7 /* img_sml5.jpg */,
				324534B015C1A9D800A4DAF7 /* img_sml50.jpg */,
				324534B115C1A9D800A4DAF7 /* img_sml51.jpg */,
				324534B215C1A9D800A4DAF7 /* img_sml52.jpg */,
				324534B315C1A9D800A4DAF7 /* img_sml53.jpg */,
				324534B415C1A9D800A4DAF7 /* img_sml54.jpg */,
				324534B515C1A9D800A4DAF7 /* img_sml55.jpg */,
				324534B615C1A9D800A4DAF7 /* img_sml56.jpg */,
				324534B715C1A9D800A4DAF7 /* img_sml57.jpg */,
				324534B815C1A9D800A4DAF7 /* img_sml58.jpg */,
				324534B915C1A9D800A4DAF7 /* img_sml59.jpg */,
				324534BA15C1A9D800A4DAF7 /* img_sml6.jpg */,
				324534BB15C1A9D800A4DAF7 /* img_sml60.jpg */,
				324534BC15C1A9D800A4DAF7 /* img_sml61.jpg */,
				324534BD15C1A9D800A4DAF7 /* img_sml62.jpg */,
				324534BE15C1A9D800A4DAF7 /* img_sml63.jpg */,
				324534BF15C1A9D800A4DAF7 /* img_sml64.jpg */,
				324534C015C1A9D800A4DAF7 /* img_sml65.jpg */,
				324534C115C1A9D800A4DAF7 /* img_sml66.jpg */,
				324534C215C1A9D800A4DAF7 /* img_sml67.jpg */,
				324534C315C1A9D800A4DAF7 /* img_sml68.jpg */,
				324534C415C1A9D800A4DAF7 /* img_sml69.jpg */,
				324534C515C1A9D800A4DAF7 /* img_sml7.jpg */,
				324534C615C1A9D800A4DAF7 /* img_sml70.jpg */,
				324534C715C1A9D800A4DAF7 /* img_sml71.jpg */,
				324534C815C1A9D800A4DAF7 /* img_sml72.jpg */,
				324534C915C1A9D800A4DAF7 /* img_sml73.jpg */,
				324534CA15C1A9D800A4DAF7 /* img_sml74.jpg */,
				324534CB15C1A9D800A4DAF7 /* img_sml75.jpg */,
				324534CC15C1A9D800A4DAF7 /* img_sml76.jpg */,
				324534CD15C1A9D800A4DAF7 /* img_sml77.jpg */,
				324534CE15C1A9D800A4DAF7 /* img_sml78.jpg */,
				324534CF15C1A9D800A4DAF7 /* img_sml79.jpg */,
				324534D015C1A9D800A4DAF7 /* img_sml8.jpg */,
				324534D115C1A9D800A4DAF7 /* img_sml80.jpg */,
				324534D215C1A9D800A4DAF7 /* img_sml81.jpg */,
				324534D315C1A9D800A4DAF7 /* img_sml82.jpg */,
				324534D415C1A9D800A4DAF7 /* img_sml83.jpg */,
				324534D515C1A9D800A4DAF7 /* img_sml84.jpg */,
				324534D615C1A9D800A4DAF7 /* img_sml85.jpg */,
				324534D715C1A9D800A4DAF7 /* img_sml86.jpg */,
				324534D815C1A9D800A4DAF7 /* img_sml87.jpg */,
				324534D915C1A9D800A4DAF7 /* img_sml88.jpg */,
				324534DA15C1A9D800A4DAF7 /* img_sml89.jpg */,
				324534DB15C1A9D800A4DAF7 /* img_sml9.jpg */,
				324534DC15C1A9D800A4DAF7 /* img_sml90.jpg */,
				324534DD15C1A9D800A4DAF7 /* img_sml91.jpg */,
				324534DE15C1A9D800A4DAF7 /* img_sml92.jpg */,
				324534DF15C1A9D800A4DAF7 /* img_sml93.jpg */,
				324534E015C1A9D800A4DAF7 /* img_sml94.jpg */,
				324534E115C1A9D800A4DAF7 /* img_sml95.jpg */,
				324534E215C1A9D800A4DAF7 /* img_sml96.jpg */,
				324534E315C1A9D800A4DAF7 /* img_sml97.jpg */,
				324534E415C1A9D800A4DAF7 /* img_sml98.jpg */,
				324534E515C1A9D800A4DAF7 /* img_sml99.jpg */,
			);
			path = sml;
			sourceTree = "<group>";
		};
/* End PBXGroup section */

/* Begin PBXNativeTarget section */
		8D1107260486CEB800E47090 /* ImageRain */ = {
			isa = PBXNativeTarget;
			buildConfigurationList = C01FCF4A08A954540054247B /* Build configuration list for PBXNativeTarget "ImageRain" */;
			buildPhases = (
				8D1107290486CEB800E47090 /* Resources */,
				8D11072C0486CEB800E47090 /* Sources */,
				8D11072E0486CEB800E47090 /* Frameworks */,
			);
			buildRules = (
			);
			dependencies = (
			);
			name = ImageRain;
			productInstallPath = "$(HOME)/Applications";
			productName = ImageRain;
			productReference = 8D1107320486CEB800E47090 /* ImageRain.app */;
			productType = "com.apple.product-type.application";
		};
/* End PBXNativeTarget section */

/* Begin PBXProject section */
		29B97313FDCFA39411CA2CEA /* Project object */ = {
			isa = PBXProject;
			buildConfigurationList = C01FCF4E08A954540054247B /* Build configuration list for PBXProject "ImageRain" */;
			compatibilityVersion = "Xcode 3.2";
			developmentRegion = English;
			hasScannedForEncodings = 1;
			knownRegions = (
				en,
			);
			mainGroup = 29B97314FDCFA39411CA2CEA /* ImageRain */;
			projectDirPath = "";
			projectRoot = "";
			targets = (
				8D1107260486CEB800E47090 /* ImageRain */,
			);
		};
/* End PBXProject section */

/* Begin PBXResourcesBuildPhase section */
		8D1107290486CEB800E47090 /* Resources */ = {
			isa = PBXResourcesBuildPhase;
			buildActionMask = 2147483647;
			files = (
				00CCAF15116A9FEE008396D5 /* CinderApp.icns in Resources */,
				324534E715C1A9D800A4DAF7 /* img1.jpg in Resources */,
				324534E815C1A9D800A4DAF7 /* img10.jpg in Resources */,
				324534E915C1A9D800A4DAF7 /* img100.jpg in Resources */,
				324534EA15C1A9D800A4DAF7 /* img11.jpg in Resources */,
				324534EB15C1A9D800A4DAF7 /* img12.jpg in Resources */,
				324534EC15C1A9D800A4DAF7 /* img13.jpg in Resources */,
				324534ED15C1A9D800A4DAF7 /* img14.jpg in Resources */,
				324534EE15C1A9D800A4DAF7 /* img15.jpg in Resources */,
				324534EF15C1A9D800A4DAF7 /* img16.jpg in Resources */,
				324534F015C1A9D800A4DAF7 /* img17.jpg in Resources */,
				324534F115C1A9D800A4DAF7 /* img18.jpg in Resources */,
				324534F215C1A9D800A4DAF7 /* img19.jpg in Resources */,
				324534F315C1A9D800A4DAF7 /* img2.jpg in Resources */,
				324534F415C1A9D800A4DAF7 /* img20.jpg in Resources */,
				324534F515C1A9D800A4DAF7 /* img21.jpg in Resources */,
				324534F615C1A9D800A4DAF7 /* img22.jpg in Resources */,
				324534F715C1A9D800A4DAF7 /* img23.jpg in Resources */,
				324534F815C1A9D800A4DAF7 /* img24.jpg in Resources */,
				324534F915C1A9D800A4DAF7 /* img25.jpg in Resources */,
				324534FA15C1A9D800A4DAF7 /* img26.jpg in Resources */,
				324534FB15C1A9D800A4DAF7 /* img27.jpg in Resources */,
				324534FC15C1A9D800A4DAF7 /* img28.jpg in Resources */,
				324534FD15C1A9D800A4DAF7 /* img29.jpg in Resources */,
				324534FE15C1A9D800A4DAF7 /* img3.jpg in Resources */,
				324534FF15C1A9D800A4DAF7 /* img30.jpg in Resources */,
				3245350015C1A9D800A4DAF7 /* img31.jpg in Resources */,
				3245350115C1A9D800A4DAF7 /* img32.jpg in Resources */,
				3245350215C1A9D800A4DAF7 /* img33.jpg in Resources */,
				3245350315C1A9D800A4DAF7 /* img34.jpg in Resources */,
				3245350415C1A9D800A4DAF7 /* img35.jpg in Resources */,
				3245350515C1A9D800A4DAF7 /* img36.jpg in Resources */,
				3245350615C1A9D800A4DAF7 /* img37.jpg in Resources */,
				3245350715C1A9D800A4DAF7 /* img38.jpg in Resources */,
				3245350815C1A9D800A4DAF7 /* img39.jpg in Resources */,
				3245350915C1A9D800A4DAF7 /* img4.jpg in Resources */,
				3245350A15C1A9D800A4DAF7 /* img40.jpg in Resources */,
				3245350B15C1A9D800A4DAF7 /* img41.jpg in Resources */,
				3245350C15C1A9D800A4DAF7 /* img42.jpg in Resources */,
				3245350D15C1A9D800A4DAF7 /* img43.jpg in Resources */,
				3245350E15C1A9D800A4DAF7 /* img44.jpg in Resources */,
				3245350F15C1A9D800A4DAF7 /* img45.jpg in Resources */,
				3245351015C1A9D800A4DAF7 /* img46.jpg in Resources */,
				3245351115C1A9D800A4DAF7 /* img47.jpg in Resources */,
				3245351215C1A9D800A4DAF7 /* img48.jpg in Resources */,
				3245351315C1A9D800A4DAF7 /* img49.jpg in Resources */,
				3245351415C1A9D800A4DAF7 /* img5.jpg in Resources */,
				3245351515C1A9D800A4DAF7 /* img50.jpg in Resources */,
				3245351615C1A9D800A4DAF7 /* img51.jpg in Resources */,
				3245351715C1A9D800A4DAF7 /* img52.jpg in Resources */,
				3245351815C1A9D800A4DAF7 /* img53.jpg in Resources */,
				3245351915C1A9D800A4DAF7 /* img54.jpg in Resources */,
				3245351A15C1A9D800A4DAF7 /* img55.jpg in Resources */,
				3245351B15C1A9D800A4DAF7 /* img56.jpg in Resources */,
				3245351C15C1A9D800A4DAF7 /* img57.jpg in Resources */,
				3245351D15C1A9D800A4DAF7 /* img58.jpg in Resources */,
				3245351E15C1A9D800A4DAF7 /* img59.jpg in Resources */,
				3245351F15C1A9D800A4DAF7 /* img6.jpg in Resources */,
				3245352015C1A9D800A4DAF7 /* img60.jpg in Resources */,
				3245352115C1A9D800A4DAF7 /* img61.jpg in Resources */,
				3245352215C1A9D800A4DAF7 /* img62.jpg in Resources */,
				3245352315C1A9D800A4DAF7 /* img63.jpg in Resources */,
				3245352415C1A9D800A4DAF7 /* img64.jpg in Resources */,
				3245352515C1A9D800A4DAF7 /* img65.jpg in Resources */,
				3245352615C1A9D800A4DAF7 /* img66.jpg in Resources */,
				3245352715C1A9D800A4DAF7 /* img67.jpg in Resources */,
				3245352815C1A9D800A4DAF7 /* img68.jpg in Resources */,
				3245352915C1A9D800A4DAF7 /* img69.jpg in Resources */,
				3245352A15C1A9D800A4DAF7 /* img7.jpg in Resources */,
				3245352B15C1A9D800A4DAF7 /* img70.jpg in Resources */,
				3245352C15C1A9D800A4DAF7 /* img71.jpg in Resources */,
				3245352D15C1A9D800A4DAF7 /* img72.jpg in Resources */,
				3245352E15C1A9D800A4DAF7 /* img73.jpg in Resources */,
				3245352F15C1A9D800A4DAF7 /* img74.jpg in Resources */,
				3245353015C1A9D800A4DAF7 /* img75.jpg in Resources */,
				3245353115C1A9D800A4DAF7 /* img76.jpg in Resources */,
				3245353215C1A9D800A4DAF7 /* img77.jpg in Resources */,
				3245353315C1A9D800A4DAF7 /* img78.jpg in Resources */,
				3245353415C1A9D800A4DAF7 /* img79.jpg in Resources */,
				3245353515C1A9D800A4DAF7 /* img8.jpg in Resources */,
				3245353615C1A9D800A4DAF7 /* img80.jpg in Resources */,
				3245353715C1A9D800A4DAF7 /* img81.jpg in Resources */,
				3245353815C1A9D800A4DAF7 /* img82.jpg in Resources */,
				3245353915C1A9D800A4DAF7 /* img83.jpg in Resources */,
				3245353A15C1A9D800A4DAF7 /* img84.jpg in Resources */,
				3245353B15C1A9D800A4DAF7 /* img85.jpg in Resources */,
				3245353C15C1A9D800A4DAF7 /* img86.jpg in Resources */,
				3245353D15C1A9D800A4DAF7 /* img87.jpg in Resources */,
				3245353E15C1A9D800A4DAF7 /* img88.jpg in Resources */,
				3245353F15C1A9D800A4DAF7 /* img89.jpg in Resources */,
				3245354015C1A9D800A4DAF7 /* img9.jpg in Resources */,
				3245354115C1A9D800A4DAF7 /* img90.jpg in Resources */,
				3245354215C1A9D800A4DAF7 /* img91.jpg in Resources */,
				3245354315C1A9D800A4DAF7 /* img92.jpg in Resources */,
				3245354415C1A9D800A4DAF7 /* img93.jpg in Resources */,
				3245354515C1A9D800A4DAF7 /* img94.jpg in Resources */,
				3245354615C1A9D800A4DAF7 /* img95.jpg in Resources */,
				3245354715C1A9D800A4DAF7 /* img96.jpg in Resources */,
				3245354815C1A9D800A4DAF7 /* img97.jpg in Resources */,
				3245354915C1A9D800A4DAF7 /* img98.jpg in Resources */,
				3245354A15C1A9D800A4DAF7 /* img99.jpg in Resources */,
				3245354B15C1A9D800A4DAF7 /* img_sml1.jpg in Resources */,
				3245354C15C1A9D800A4DAF7 /* img_sml10.jpg in Resources */,
				3245354D15C1A9D800A4DAF7 /* img_sml100.jpg in Resources */,
				3245354E15C1A9D800A4DAF7 /* img_sml11.jpg in Resources */,
				3245354F15C1A9D800A4DAF7 /* img_sml12.jpg in Resources */,
				3245355015C1A9D800A4DAF7 /* img_sml13.jpg in Resources */,
				3245355115C1A9D800A4DAF7 /* img_sml14.jpg in Resources */,
				3245355215C1A9D800A4DAF7 /* img_sml15.jpg in Resources */,
				3245355315C1A9D800A4DAF7 /* img_sml16.jpg in Resources */,
				3245355415C1A9D800A4DAF7 /* img_sml17.jpg in Resources */,
				3245355515C1A9D800A4DAF7 /* img_sml18.jpg in Resources */,
				3245355615C1A9D800A4DAF7 /* img_sml19.jpg in Resources */,
				3245355715C1A9D800A4DAF7 /* img_sml2.jpg in Resources */,
				3245355815C1A9D800A4DAF7 /* img_sml20.jpg in Resources */,
				3245355915C1A9D800A4DAF7 /* img_sml21.jpg in Resources */,
				3245355A15C1A9D800A4DAF7 /* img_sml22.jpg in Resources */,
				3245355B15C1A9D800A4DAF7 /* img_sml23.jpg in Resources */,
				3245355C15C1A9D800A4DAF7 /* img_sml24.jpg in Resources */,
				3245355D15C1A9D800A4DAF7 /* img_sml25.jpg in Resources */,
				3245355E15C1A9D800A4DAF7 /* img_sml26.jpg in Resources */,
				3245355F15C1A9D800A4DAF7 /* img_sml27.jpg in Resources */,
				3245356015C1A9D800A4DAF7 /* img_sml28.jpg in Resources */,
				3245356115C1A9D800A4DAF7 /* img_sml29.jpg in Resources */,
				3245356215C1A9D800A4DAF7 /* img_sml3.jpg in Resources */,
				3245356315C1A9D800A4DAF7 /* img_sml30.jpg in Resources */,
				3245356415C1A9D800A4DAF7 /* img_sml31.jpg in Resources */,
				3245356515C1A9D800A4DAF7 /* img_sml32.jpg in Resources */,
				3245356615C1A9D800A4DAF7 /* img_sml33.jpg in Resources */,
				3245356715C1A9D800A4DAF7 /* img_sml34.jpg in Resources */,
				3245356815C1A9D800A4DAF7 /* img_sml35.jpg in Resources */,
				3245356915C1A9D800A4DAF7 /* img_sml36.jpg in Resources */,
				3245356A15C1A9D800A4DAF7 /* img_sml37.jpg in Resources */,
				3245356B15C1A9D800A4DAF7 /* img_sml38.jpg in Resources */,
				3245356C15C1A9D800A4DAF7 /* img_sml39.jpg in Resources */,
				3245356D15C1A9D800A4DAF7 /* img_sml4.jpg in Resources */,
				3245356E15C1A9D800A4DAF7 /* img_sml40.jpg in Resources */,
				3245356F15C1A9D800A4DAF7 /* img_sml41.jpg in Resources */,
				3245357015C1A9D800A4DAF7 /* img_sml42.jpg in Resources */,
				3245357115C1A9D800A4DAF7 /* img_sml43.jpg in Resources */,
				3245357215C1A9D800A4DAF7 /* img_sml44.jpg in Resources */,
				3245357315C1A9D800A4DAF7 /* img_sml45.jpg in Resources */,
				3245357415C1A9D800A4DAF7 /* img_sml46.jpg in Resources */,
				3245357515C1A9D800A4DAF7 /* img_sml47.jpg in Resources */,
				3245357615C1A9D800A4DAF7 /* img_sml48.jpg in Resources */,
				3245357715C1A9D800A4DAF7 /* img_sml49.jpg in Resources */,
				3245357815C1A9D800A4DAF7 /* img_sml5.jpg in Resources */,
				3245357915C1A9D800A4DAF7 /* img_sml50.jpg in Resources */,
				3245357A15C1A9D800A4DAF7 /* img_sml51.jpg in Resources */,
				3245357B15C1A9D800A4DAF7 /* img_sml52.jpg in Resources */,
				3245357C15C1A9D800A4DAF7 /* img_sml53.jpg in Resources */,
				3245357D15C1A9D800A4DAF7 /* img_sml54.jpg in Resources */,
				3245357E15C1A9D800A4DAF7 /* img_sml55.jpg in Resources */,
				3245357F15C1A9D800A4DAF7 /* img_sml56.jpg in Resources */,
				3245358015C1A9D800A4DAF7 /* img_sml57.jpg in Resources */,
				3245358115C1A9D800A4DAF7 /* img_sml58.jpg in Resources */,
				3245358215C1A9D800A4DAF7 /* img_sml59.jpg in Resources */,
				3245358315C1A9D800A4DAF7 /* img_sml6.jpg in Resources */,
				3245358415C1A9D800A4DAF7 /* img_sml60.jpg in Resources */,
				3245358515C1A9D800A4DAF7 /* img_sml61.jpg in Resources */,
				3245358615C1A9D800A4DAF7 /* img_sml62.jpg in Resources */,
				3245358715C1A9D800A4DAF7 /* img_sml63.jpg in Resources */,
				3245358815C1A9D800A4DAF7 /* img_sml64.jpg in Resources */,
				3245358915C1A9D800A4DAF7 /* img_sml65.jpg in Resources */,
				3245358A15C1A9D800A4DAF7 /* img_sml66.jpg in Resources */,
				3245358B15C1A9D800A4DAF7 /* img_sml67.jpg in Resources */,
				3245358C15C1A9D800A4DAF7 /* img_sml68.jpg in Resources */,
				3245358D15C1A9D800A4DAF7 /* img_sml69.jpg in Resources */,
				3245358E15C1A9D800A4DAF7 /* img_sml7.jpg in Resources */,
				3245358F15C1A9D800A4DAF7 /* img_sml70.jpg in Resources */,
				3245359015C1A9D800A4DAF7 /* img_sml71.jpg in Resources */,
				3245359115C1A9D800A4DAF7 /* img_sml72.jpg in Resources */,
				3245359215C1A9D800A4DAF7 /* img_sml73.jpg in Resources */,
				3245359315C1A9D800A4DAF7 /* img_sml74.jpg in Resources */,
				3245359415C1A9D800A4DAF7 /* img_sml75.jpg in Resources */,
				3245359515C1A9D800A4DAF7 /* img_sml76.jpg in Resources */,
				3245359615C1A9D800A4DAF7 /* img_sml77.jpg in Resources */,
				3245359715C1A9D800A4DAF7 /* img_sml78.jpg in Resources */,
				3245359815C1A9D800A4DAF7 /* img_sml79.jpg in Resources */,
				3245359915C1A9D800A4DAF7 /* img_sml8.jpg in Resources */,
				3245359A15C1A9D800A4DAF7 /* img_sml80.jpg in Resources */,
				3245359B15C1A9D800A4DAF7 /* img_sml81.jpg in Resources */,
				3245359C15C1A9D800A4DAF7 /* img_sml82.jpg in Resources */,
				3245359D15C1A9D800A4DAF7 /* img_sml83.jpg in Resources */,
				3245359E15C1A9D800A4DAF7 /* img_sml84.jpg in Resources */,
				3245359F15C1A9D800A4DAF7 /* img_sml85.jpg in Resources */,
				324535A015C1A9D800A4DAF7 /* img_sml86.jpg in Resources */,
				324535A115C1A9D800A4DAF7 /* img_sml87.jpg in Resources */,
				324535A215C1A9D800A4DAF7 /* img_sml88.jpg in Resources */,
				324535A315C1A9D800A4DAF7 /* img_sml89.jpg in Resources */,
				324535A415C1A9D800A4DAF7 /* img_sml9.jpg in Resources */,
				324535A515C1A9D800A4DAF7 /* img_sml90.jpg in Resources */,
				324535A615C1A9D800A4DAF7 /* img_sml91.jpg in Resources */,
				324535A715C1A9D800A4DAF7 /* img_sml92.jpg in Resources */,
				324535A815C1A9D800A4DAF7 /* img_sml93.jpg in Resources */,
				324535A915C1A9D800A4DAF7 /* img_sml94.jpg in Resources */,
				324535AA15C1A9D800A4DAF7 /* img_sml95.jpg in Resources */,
				324535AB15C1A9D800A4DAF7 /* img_sml96.jpg in Resources */,
				324535AC15C1A9D800A4DAF7 /* img_sml97.jpg in Resources */,
				324535AD15C1A9D800A4DAF7 /* img_sml98.jpg in Resources */,
				324535AE15C1A9D800A4DAF7 /* img_sml99.jpg in Resources */,
				324535AF15C1A9D800A4DAF7 /* tileable_wood_texture.png in Resources */,
				324535B215C1D8A400A4DAF7 /* bar_clean.png in Resources */,
			);
			runOnlyForDeploymentPostprocessing = 0;
		};
/* End PBXResourcesBuildPhase section */

/* Begin PBXSourcesBuildPhase section */
		8D11072C0486CEB800E47090 /* Sources */ = {
			isa = PBXSourcesBuildPhase;
			buildActionMask = 2147483647;
			files = (
				00BAE65A0E7ED9C10018A608 /* ImageRainApp.cpp in Sources */,
			);
			runOnlyForDeploymentPostprocessing = 0;
		};
/* End PBXSourcesBuildPhase section */

/* Begin XCBuildConfiguration section */
		C01FCF4B08A954540054247B /* Debug */ = {
			isa = XCBuildConfiguration;
			buildSettings = {
				COPY_PHASE_STRIP = NO;
				GCC_DYNAMIC_NO_PIC = NO;
				GCC_INLINES_ARE_PRIVATE_EXTERN = NO;
				GCC_MODEL_TUNING = G5;
				GCC_OPTIMIZATION_LEVEL = 0;
				GCC_PRECOMPILE_PREFIX_HEADER = YES;
				GCC_PREFIX_HEADER = ImageRain_Prefix.pch;
				GCC_SYMBOLS_PRIVATE_EXTERN = NO;
				INFOPLIST_FILE = Info.plist;
				INSTALL_PATH = "$(HOME)/Applications";
				OTHER_LDFLAGS = "\"$(CINDER_PATH)/lib/libcinder_d.a\"";
				PRODUCT_NAME = ImageRain;
				WRAPPER_EXTENSION = app;
			};
			name = Debug;
		};
		C01FCF4C08A954540054247B /* Release */ = {
			isa = XCBuildConfiguration;
			buildSettings = {
				DEAD_CODE_STRIPPING = YES;
				DEBUG_INFORMATION_FORMAT = "dwarf-with-dsym";
				GCC_FAST_MATH = YES;
				GCC_GENERATE_DEBUGGING_SYMBOLS = NO;
				GCC_INLINES_ARE_PRIVATE_EXTERN = NO;
				GCC_MODEL_TUNING = G5;
				GCC_OPTIMIZATION_LEVEL = 3;
				GCC_PRECOMPILE_PREFIX_HEADER = YES;
				GCC_PREFIX_HEADER = ImageRain_Prefix.pch;
				GCC_SYMBOLS_PRIVATE_EXTERN = NO;
				INFOPLIST_FILE = Info.plist;
				INSTALL_PATH = "$(HOME)/Applications";
				OTHER_LDFLAGS = "\"$(CINDER_PATH)/lib/libcinder.a\"";
				PRODUCT_NAME = ImageRain;
				STRIP_INSTALLED_PRODUCT = YES;
				WRAPPER_EXTENSION = app;
			};
			name = Release;
		};
		C01FCF4F08A954540054247B /* Debug */ = {
			isa = XCBuildConfiguration;
			buildSettings = {
				ALWAYS_SEARCH_USER_PATHS = NO;
				ARCHS = i386;
				CINDER_PATH = ../../Cinder;
				GCC_WARN_ABOUT_RETURN_TYPE = YES;
				GCC_WARN_UNUSED_VARIABLE = YES;
				HEADER_SEARCH_PATHS = "\"$(CINDER_PATH)/boost\"";
				MACOSX_DEPLOYMENT_TARGET = 10.5;
				SDKROOT = macosx10.6;
				USER_HEADER_SEARCH_PATHS = "\"$(CINDER_PATH)/include\" ../include";
			};
			name = Debug;
		};
		C01FCF5008A954540054247B /* Release */ = {
			isa = XCBuildConfiguration;
			buildSettings = {
				ALWAYS_SEARCH_USER_PATHS = NO;
				ARCHS = i386;
				CINDER_PATH = ../../Cinder;
				GCC_WARN_ABOUT_RETURN_TYPE = YES;
				GCC_WARN_UNUSED_VARIABLE = YES;
				HEADER_SEARCH_PATHS = "\"$(CINDER_PATH)/boost\"";
				MACOSX_DEPLOYMENT_TARGET = 10.5;
				SDKROOT = macosx10.6;
				USER_HEADER_SEARCH_PATHS = "\"$(CINDER_PATH)/include\" ../include";
			};
			name = Release;
		};
/* End XCBuildConfiguration section */

/* Begin XCConfigurationList section */
		C01FCF4A08A954540054247B /* Build configuration list for PBXNativeTarget "ImageRain" */ = {
			isa = XCConfigurationList;
			buildConfigurations = (
				C01FCF4B08A954540054247B /* Debug */,
				C01FCF4C08A954540054247B /* Release */,
			);
			defaultConfigurationIsVisible = 0;
			defaultConfigurationName = Release;
		};
		C01FCF4E08A954540054247B /* Build configuration list for PBXProject "ImageRain" */ = {
			isa = XCConfigurationList;
			buildConfigurations = (
				C01FCF4F08A954540054247B /* Debug */,
				C01FCF5008A954540054247B /* Release */,
			);
			defaultConfigurationIsVisible = 0;
			defaultConfigurationName = Release;
		};
/* End XCConfigurationList section */
	};
	rootObject = 29B97313FDCFA39411CA2CEA /* Project object */;
}
